
Microsoft Visual Studio Solution File, Format Version 12.00
# Visual Studio 15
VisualStudioVersion = 15.0.27130.2010
MinimumVisualStudioVersion = 10.0.40219.1
Project("{8BC9CEB8-8B4A-11D0-8D11-00A0C91BC942}") = "PCSC", "PCSC\PCSC.vcxproj", "{0C9661B0-0F06-4F3C-AD36-F5650F60812F}"
	ProjectSection(ProjectDependencies) = postProject
		{8F57EF1E-46FD-4B9F-924A-6C9C42A9EAAA} = {8F57EF1E-46FD-4B9F-924A-6C9C42A9EAAA}
		{6C158251-C843-41FE-8B64-5926DFCD2411} = {6C158251-C843-41FE-8B64-5926DFCD2411}
	EndProjectSection
EndProject
Project("{8BC9CEB8-8B4A-11D0-8D11-00A0C91BC942}") = "ApduCmd", "ApduCmd\ApduCmd.vcxproj", "{56BB62BE-70AF-4389-AED5-D6CE777ADAE9}"
	ProjectSection(ProjectDependencies) = postProject
		{02EFE104-181E-4B73-8CAE-DEE1A398650F} = {02EFE104-181E-4B73-8CAE-DEE1A398650F}
		{6C158251-C843-41FE-8B64-5926DFCD2411} = {6C158251-C843-41FE-8B64-5926DFCD2411}
		{0C9661B0-0F06-4F3C-AD36-F5650F60812F} = {0C9661B0-0F06-4F3C-AD36-F5650F60812F}
	EndProjectSection
EndProject
Project("{8BC9CEB8-8B4A-11D0-8D11-00A0C91BC942}") = "PCSCTest", "PCSCTest\PCSCTest.vcxproj", "{FE8F3565-F5A3-4F14-A7C1-0AB404046248}"
	ProjectSection(ProjectDependencies) = postProject
		{8F57EF1E-46FD-4B9F-924A-6C9C42A9EAAA} = {8F57EF1E-46FD-4B9F-924A-6C9C42A9EAAA}
		{0C9661B0-0F06-4F3C-AD36-F5650F60812F} = {0C9661B0-0F06-4F3C-AD36-F5650F60812F}
		{56BB62BE-70AF-4389-AED5-D6CE777ADAE9} = {56BB62BE-70AF-4389-AED5-D6CE777ADAE9}
	EndProjectSection
EndProject
Project("{8BC9CEB8-8B4A-11D0-8D11-00A0C91BC942}") = "Util", "Util\Util.vcxproj", "{6C158251-C843-41FE-8B64-5926DFCD2411}"
EndProject
Project("{8BC9CEB8-8B4A-11D0-8D11-00A0C91BC942}") = "AuthencationTest", "AuthencationTest\AuthencationTest.vcxproj", "{27080C4F-CD30-44E5-A613-EB8DE4C158CF}"
	ProjectSection(ProjectDependencies) = postProject
		{02EFE104-181E-4B73-8CAE-DEE1A398650F} = {02EFE104-181E-4B73-8CAE-DEE1A398650F}
		{8F57EF1E-46FD-4B9F-924A-6C9C42A9EAAA} = {8F57EF1E-46FD-4B9F-924A-6C9C42A9EAAA}
	EndProjectSection
EndProject
Project("{8BC9CEB8-8B4A-11D0-8D11-00A0C91BC942}") = "ApduCmdTest", "ApduCmdTest\ApduCmdTest.vcxproj", "{8BB8DABB-EBFE-4EEA-BDCE-03F2D26C172B}"
	ProjectSection(ProjectDependencies) = postProject
		{8F57EF1E-46FD-4B9F-924A-6C9C42A9EAAA} = {8F57EF1E-46FD-4B9F-924A-6C9C42A9EAAA}
		{56BB62BE-70AF-4389-AED5-D6CE777ADAE9} = {56BB62BE-70AF-4389-AED5-D6CE777ADAE9}
	EndProjectSection
EndProject
Project("{8BC9CEB8-8B4A-11D0-8D11-00A0C91BC942}") = "Authencation", "Authencation\Authencation.vcxproj", "{02EFE104-181E-4B73-8CAE-DEE1A398650F}"
	ProjectSection(ProjectDependencies) = postProject
		{6C158251-C843-41FE-8B64-5926DFCD2411} = {6C158251-C843-41FE-8B64-5926DFCD2411}
	EndProjectSection
EndProject
Project("{8BC9CEB8-8B4A-11D0-8D11-00A0C91BC942}") = "DataParse", "DataParse\DataParse.vcxproj", "{E84D2073-E8DB-42DF-A15A-F18B426AB4F8}"
	ProjectSection(ProjectDependencies) = postProject
		{6C158251-C843-41FE-8B64-5926DFCD2411} = {6C158251-C843-41FE-8B64-5926DFCD2411}
	EndProjectSection
EndProject
Project("{8BC9CEB8-8B4A-11D0-8D11-00A0C91BC942}") = "DataParseTest", "DataParseTest\DataParseTest.vcxproj", "{3484C8B1-5DF8-4F29-9A99-4749FE08345E}"
	ProjectSection(ProjectDependencies) = postProject
		{E84D2073-E8DB-42DF-A15A-F18B426AB4F8} = {E84D2073-E8DB-42DF-A15A-F18B426AB4F8}
	EndProjectSection
EndProject
Project("{8BC9CEB8-8B4A-11D0-8D11-00A0C91BC942}") = "UtilTest", "UtilTest\UtilTest.vcxproj", "{92B5CD54-B9E0-4FFA-BF4E-BDA25A8F1181}"
	ProjectSection(ProjectDependencies) = postProject
		{02EFE104-181E-4B73-8CAE-DEE1A398650F} = {02EFE104-181E-4B73-8CAE-DEE1A398650F}
		{6C158251-C843-41FE-8B64-5926DFCD2411} = {6C158251-C843-41FE-8B64-5926DFCD2411}
		{0C9661B0-0F06-4F3C-AD36-F5650F60812F} = {0C9661B0-0F06-4F3C-AD36-F5650F60812F}
	EndProjectSection
EndProject
Project("{FAE04EC0-301F-11D3-BF4B-00C04F79EFBC}") = "CallCplusDll", "CallCplusDll\CallCplusDll.csproj", "{C8A3870C-B322-45A2-BF89-8B5D5E25D937}"
EndProject
Project("{FAE04EC0-301F-11D3-BF4B-00C04F79EFBC}") = "CplusplusDll", "CplusplusDll\CplusplusDll.csproj", "{59EF0D64-111C-4931-AEF1-CF8984324ABA}"
EndProject
Project("{FAE04EC0-301F-11D3-BF4B-00C04F79EFBC}") = "UtilLib", "ExcelLib\UtilLib.csproj", "{C05BF27E-4CB1-4E0E-9323-9017B914AFE4}"
EndProject
Project("{FAE04EC0-301F-11D3-BF4B-00C04F79EFBC}") = "CardPlatform", "CardPlatform\CardPlatform.csproj", "{7CB1DC81-9E73-446A-8629-A5D5FE3F5909}"
	ProjectSection(ProjectDependencies) = postProject
		{8F57EF1E-46FD-4B9F-924A-6C9C42A9EAAA} = {8F57EF1E-46FD-4B9F-924A-6C9C42A9EAAA}
	EndProjectSection
EndProject
Project("{8BC9CEB8-8B4A-11D0-8D11-00A0C91BC942}") = "ParseBase", "ParseBase\ParseBase.vcxproj", "{D4D35A29-365A-4A9E-B40C-C2046872E676}"
EndProject
Project("{8BC9CEB8-8B4A-11D0-8D11-00A0C91BC942}") = "Log", "Log\Log.vcxproj", "{C75CAF4D-3869-46BB-A5B9-7C3EEFB10ADB}"
EndProject
Project("{8BC9CEB8-8B4A-11D0-8D11-00A0C91BC942}") = "Tool", "Tool\Tool.vcxproj", "{97852361-91BB-44FE-8A95-A88720E87211}"
EndProject
Project("{8BC9CEB8-8B4A-11D0-8D11-00A0C91BC942}") = "ToolTest", "ToolTest\ToolTest.vcxproj", "{5EEEA73E-258F-4C85-9BC1-4346E2A824C2}"
	ProjectSection(ProjectDependencies) = postProject
		{97852361-91BB-44FE-8A95-A88720E87211} = {97852361-91BB-44FE-8A95-A88720E87211}
	EndProjectSection
EndProject
Project("{8BC9CEB8-8B4A-11D0-8D11-00A0C91BC942}") = "CPS", "CPS\CPS.vcxproj", "{8F57EF1E-46FD-4B9F-924A-6C9C42A9EAAA}"
	ProjectSection(ProjectDependencies) = postProject
		{6C158251-C843-41FE-8B64-5926DFCD2411} = {6C158251-C843-41FE-8B64-5926DFCD2411}
	EndProjectSection
EndProject
Global
	GlobalSection(SolutionConfigurationPlatforms) = preSolution
		Debug|Any CPU = Debug|Any CPU
		Debug|x64 = Debug|x64
		Debug|x86 = Debug|x86
		Release|Any CPU = Release|Any CPU
		Release|x64 = Release|x64
		Release|x86 = Release|x86
		UnicodeDebug|Any CPU = UnicodeDebug|Any CPU
		UnicodeDebug|x64 = UnicodeDebug|x64
		UnicodeDebug|x86 = UnicodeDebug|x86
		UnicodeRelease|Any CPU = UnicodeRelease|Any CPU
		UnicodeRelease|x64 = UnicodeRelease|x64
		UnicodeRelease|x86 = UnicodeRelease|x86
	EndGlobalSection
	GlobalSection(ProjectConfigurationPlatforms) = postSolution
		{0C9661B0-0F06-4F3C-AD36-F5650F60812F}.Debug|Any CPU.ActiveCfg = Debug|Win32
		{0C9661B0-0F06-4F3C-AD36-F5650F60812F}.Debug|x64.ActiveCfg = Debug|x64
		{0C9661B0-0F06-4F3C-AD36-F5650F60812F}.Debug|x64.Build.0 = Debug|x64
		{0C9661B0-0F06-4F3C-AD36-F5650F60812F}.Debug|x86.ActiveCfg = Debug|Win32
		{0C9661B0-0F06-4F3C-AD36-F5650F60812F}.Debug|x86.Build.0 = Debug|Win32
		{0C9661B0-0F06-4F3C-AD36-F5650F60812F}.Release|Any CPU.ActiveCfg = Release|Win32
		{0C9661B0-0F06-4F3C-AD36-F5650F60812F}.Release|x64.ActiveCfg = Release|x64
		{0C9661B0-0F06-4F3C-AD36-F5650F60812F}.Release|x64.Build.0 = Release|x64
		{0C9661B0-0F06-4F3C-AD36-F5650F60812F}.Release|x86.ActiveCfg = Release|Win32
		{0C9661B0-0F06-4F3C-AD36-F5650F60812F}.Release|x86.Build.0 = Release|Win32
		{0C9661B0-0F06-4F3C-AD36-F5650F60812F}.UnicodeDebug|Any CPU.ActiveCfg = Release|Win32
		{0C9661B0-0F06-4F3C-AD36-F5650F60812F}.UnicodeDebug|Any CPU.Build.0 = Release|Win32
		{0C9661B0-0F06-4F3C-AD36-F5650F60812F}.UnicodeDebug|Any CPU.Deploy.0 = Release|Win32
		{0C9661B0-0F06-4F3C-AD36-F5650F60812F}.UnicodeDebug|x64.ActiveCfg = Debug|x64
		{0C9661B0-0F06-4F3C-AD36-F5650F60812F}.UnicodeDebug|x64.Build.0 = Debug|x64
		{0C9661B0-0F06-4F3C-AD36-F5650F60812F}.UnicodeDebug|x86.ActiveCfg = Debug|Win32
		{0C9661B0-0F06-4F3C-AD36-F5650F60812F}.UnicodeDebug|x86.Build.0 = Debug|Win32
		{0C9661B0-0F06-4F3C-AD36-F5650F60812F}.UnicodeRelease|Any CPU.ActiveCfg = Release|Win32
		{0C9661B0-0F06-4F3C-AD36-F5650F60812F}.UnicodeRelease|Any CPU.Build.0 = Release|Win32
		{0C9661B0-0F06-4F3C-AD36-F5650F60812F}.UnicodeRelease|Any CPU.Deploy.0 = Release|Win32
		{0C9661B0-0F06-4F3C-AD36-F5650F60812F}.UnicodeRelease|x64.ActiveCfg = Release|x64
		{0C9661B0-0F06-4F3C-AD36-F5650F60812F}.UnicodeRelease|x64.Build.0 = Release|x64
		{0C9661B0-0F06-4F3C-AD36-F5650F60812F}.UnicodeRelease|x86.ActiveCfg = Release|Win32
		{0C9661B0-0F06-4F3C-AD36-F5650F60812F}.UnicodeRelease|x86.Build.0 = Release|Win32
		{56BB62BE-70AF-4389-AED5-D6CE777ADAE9}.Debug|Any CPU.ActiveCfg = Debug|Win32
		{56BB62BE-70AF-4389-AED5-D6CE777ADAE9}.Debug|x64.ActiveCfg = Debug|x64
		{56BB62BE-70AF-4389-AED5-D6CE777ADAE9}.Debug|x64.Build.0 = Debug|x64
		{56BB62BE-70AF-4389-AED5-D6CE777ADAE9}.Debug|x86.ActiveCfg = Debug|Win32
		{56BB62BE-70AF-4389-AED5-D6CE777ADAE9}.Debug|x86.Build.0 = Debug|Win32
		{56BB62BE-70AF-4389-AED5-D6CE777ADAE9}.Release|Any CPU.ActiveCfg = Release|Win32
		{56BB62BE-70AF-4389-AED5-D6CE777ADAE9}.Release|x64.ActiveCfg = Release|x64
		{56BB62BE-70AF-4389-AED5-D6CE777ADAE9}.Release|x64.Build.0 = Release|x64
		{56BB62BE-70AF-4389-AED5-D6CE777ADAE9}.Release|x86.ActiveCfg = Release|Win32
		{56BB62BE-70AF-4389-AED5-D6CE777ADAE9}.Release|x86.Build.0 = Release|Win32
		{56BB62BE-70AF-4389-AED5-D6CE777ADAE9}.UnicodeDebug|Any CPU.ActiveCfg = Release|Win32
		{56BB62BE-70AF-4389-AED5-D6CE777ADAE9}.UnicodeDebug|Any CPU.Build.0 = Release|Win32
		{56BB62BE-70AF-4389-AED5-D6CE777ADAE9}.UnicodeDebug|Any CPU.Deploy.0 = Release|Win32
		{56BB62BE-70AF-4389-AED5-D6CE777ADAE9}.UnicodeDebug|x64.ActiveCfg = Debug|x64
		{56BB62BE-70AF-4389-AED5-D6CE777ADAE9}.UnicodeDebug|x64.Build.0 = Debug|x64
		{56BB62BE-70AF-4389-AED5-D6CE777ADAE9}.UnicodeDebug|x86.ActiveCfg = Debug|Win32
		{56BB62BE-70AF-4389-AED5-D6CE777ADAE9}.UnicodeDebug|x86.Build.0 = Debug|Win32
		{56BB62BE-70AF-4389-AED5-D6CE777ADAE9}.UnicodeRelease|Any CPU.ActiveCfg = Release|Win32
		{56BB62BE-70AF-4389-AED5-D6CE777ADAE9}.UnicodeRelease|Any CPU.Build.0 = Release|Win32
		{56BB62BE-70AF-4389-AED5-D6CE777ADAE9}.UnicodeRelease|Any CPU.Deploy.0 = Release|Win32
		{56BB62BE-70AF-4389-AED5-D6CE777ADAE9}.UnicodeRelease|x64.ActiveCfg = Release|x64
		{56BB62BE-70AF-4389-AED5-D6CE777ADAE9}.UnicodeRelease|x64.Build.0 = Release|x64
		{56BB62BE-70AF-4389-AED5-D6CE777ADAE9}.UnicodeRelease|x86.ActiveCfg = Release|Win32
		{56BB62BE-70AF-4389-AED5-D6CE777ADAE9}.UnicodeRelease|x86.Build.0 = Release|Win32
		{FE8F3565-F5A3-4F14-A7C1-0AB404046248}.Debug|Any CPU.ActiveCfg = Debug|Win32
		{FE8F3565-F5A3-4F14-A7C1-0AB404046248}.Debug|x64.ActiveCfg = Debug|x64
		{FE8F3565-F5A3-4F14-A7C1-0AB404046248}.Debug|x64.Build.0 = Debug|x64
		{FE8F3565-F5A3-4F14-A7C1-0AB404046248}.Debug|x86.ActiveCfg = Debug|Win32
		{FE8F3565-F5A3-4F14-A7C1-0AB404046248}.Debug|x86.Build.0 = Debug|Win32
		{FE8F3565-F5A3-4F14-A7C1-0AB404046248}.Release|Any CPU.ActiveCfg = Release|Win32
		{FE8F3565-F5A3-4F14-A7C1-0AB404046248}.Release|x64.ActiveCfg = Release|x64
		{FE8F3565-F5A3-4F14-A7C1-0AB404046248}.Release|x64.Build.0 = Release|x64
		{FE8F3565-F5A3-4F14-A7C1-0AB404046248}.Release|x86.ActiveCfg = Release|Win32
		{FE8F3565-F5A3-4F14-A7C1-0AB404046248}.Release|x86.Build.0 = Release|Win32
		{FE8F3565-F5A3-4F14-A7C1-0AB404046248}.UnicodeDebug|Any CPU.ActiveCfg = Release|Win32
		{FE8F3565-F5A3-4F14-A7C1-0AB404046248}.UnicodeDebug|Any CPU.Build.0 = Release|Win32
		{FE8F3565-F5A3-4F14-A7C1-0AB404046248}.UnicodeDebug|Any CPU.Deploy.0 = Release|Win32
		{FE8F3565-F5A3-4F14-A7C1-0AB404046248}.UnicodeDebug|x64.ActiveCfg = Debug|x64
		{FE8F3565-F5A3-4F14-A7C1-0AB404046248}.UnicodeDebug|x64.Build.0 = Debug|x64
		{FE8F3565-F5A3-4F14-A7C1-0AB404046248}.UnicodeDebug|x86.ActiveCfg = Debug|Win32
		{FE8F3565-F5A3-4F14-A7C1-0AB404046248}.UnicodeDebug|x86.Build.0 = Debug|Win32
		{FE8F3565-F5A3-4F14-A7C1-0AB404046248}.UnicodeRelease|Any CPU.ActiveCfg = Release|Win32
		{FE8F3565-F5A3-4F14-A7C1-0AB404046248}.UnicodeRelease|Any CPU.Build.0 = Release|Win32
		{FE8F3565-F5A3-4F14-A7C1-0AB404046248}.UnicodeRelease|Any CPU.Deploy.0 = Release|Win32
		{FE8F3565-F5A3-4F14-A7C1-0AB404046248}.UnicodeRelease|x64.ActiveCfg = Release|x64
		{FE8F3565-F5A3-4F14-A7C1-0AB404046248}.UnicodeRelease|x64.Build.0 = Release|x64
		{FE8F3565-F5A3-4F14-A7C1-0AB404046248}.UnicodeRelease|x86.ActiveCfg = Release|Win32
		{FE8F3565-F5A3-4F14-A7C1-0AB404046248}.UnicodeRelease|x86.Build.0 = Release|Win32
		{6C158251-C843-41FE-8B64-5926DFCD2411}.Debug|Any CPU.ActiveCfg = Debug|Win32
		{6C158251-C843-41FE-8B64-5926DFCD2411}.Debug|x64.ActiveCfg = Debug|x64
		{6C158251-C843-41FE-8B64-5926DFCD2411}.Debug|x64.Build.0 = Debug|x64
		{6C158251-C843-41FE-8B64-5926DFCD2411}.Debug|x86.ActiveCfg = Debug|Win32
		{6C158251-C843-41FE-8B64-5926DFCD2411}.Debug|x86.Build.0 = Debug|Win32
		{6C158251-C843-41FE-8B64-5926DFCD2411}.Release|Any CPU.ActiveCfg = Release|Win32
		{6C158251-C843-41FE-8B64-5926DFCD2411}.Release|x64.ActiveCfg = Release|x64
		{6C158251-C843-41FE-8B64-5926DFCD2411}.Release|x64.Build.0 = Release|x64
		{6C158251-C843-41FE-8B64-5926DFCD2411}.Release|x86.ActiveCfg = Release|Win32
		{6C158251-C843-41FE-8B64-5926DFCD2411}.Release|x86.Build.0 = Release|Win32
		{6C158251-C843-41FE-8B64-5926DFCD2411}.UnicodeDebug|Any CPU.ActiveCfg = Release|Win32
		{6C158251-C843-41FE-8B64-5926DFCD2411}.UnicodeDebug|Any CPU.Build.0 = Release|Win32
		{6C158251-C843-41FE-8B64-5926DFCD2411}.UnicodeDebug|Any CPU.Deploy.0 = Release|Win32
		{6C158251-C843-41FE-8B64-5926DFCD2411}.UnicodeDebug|x64.ActiveCfg = Debug|x64
		{6C158251-C843-41FE-8B64-5926DFCD2411}.UnicodeDebug|x64.Build.0 = Debug|x64
		{6C158251-C843-41FE-8B64-5926DFCD2411}.UnicodeDebug|x86.ActiveCfg = Debug|Win32
		{6C158251-C843-41FE-8B64-5926DFCD2411}.UnicodeDebug|x86.Build.0 = Debug|Win32
		{6C158251-C843-41FE-8B64-5926DFCD2411}.UnicodeRelease|Any CPU.ActiveCfg = Release|Win32
		{6C158251-C843-41FE-8B64-5926DFCD2411}.UnicodeRelease|Any CPU.Build.0 = Release|Win32
		{6C158251-C843-41FE-8B64-5926DFCD2411}.UnicodeRelease|Any CPU.Deploy.0 = Release|Win32
		{6C158251-C843-41FE-8B64-5926DFCD2411}.UnicodeRelease|x64.ActiveCfg = Release|x64
		{6C158251-C843-41FE-8B64-5926DFCD2411}.UnicodeRelease|x64.Build.0 = Release|x64
		{6C158251-C843-41FE-8B64-5926DFCD2411}.UnicodeRelease|x86.ActiveCfg = Release|Win32
		{6C158251-C843-41FE-8B64-5926DFCD2411}.UnicodeRelease|x86.Build.0 = Release|Win32
		{27080C4F-CD30-44E5-A613-EB8DE4C158CF}.Debug|Any CPU.ActiveCfg = Debug|Win32
		{27080C4F-CD30-44E5-A613-EB8DE4C158CF}.Debug|x64.ActiveCfg = Debug|x64
		{27080C4F-CD30-44E5-A613-EB8DE4C158CF}.Debug|x64.Build.0 = Debug|x64
		{27080C4F-CD30-44E5-A613-EB8DE4C158CF}.Debug|x86.ActiveCfg = Debug|Win32
		{27080C4F-CD30-44E5-A613-EB8DE4C158CF}.Debug|x86.Build.0 = Debug|Win32
		{27080C4F-CD30-44E5-A613-EB8DE4C158CF}.Release|Any CPU.ActiveCfg = Release|Win32
		{27080C4F-CD30-44E5-A613-EB8DE4C158CF}.Release|x64.ActiveCfg = Release|x64
		{27080C4F-CD30-44E5-A613-EB8DE4C158CF}.Release|x64.Build.0 = Release|x64
		{27080C4F-CD30-44E5-A613-EB8DE4C158CF}.Release|x86.ActiveCfg = Release|Win32
		{27080C4F-CD30-44E5-A613-EB8DE4C158CF}.Release|x86.Build.0 = Release|Win32
		{27080C4F-CD30-44E5-A613-EB8DE4C158CF}.UnicodeDebug|Any CPU.ActiveCfg = Release|Win32
		{27080C4F-CD30-44E5-A613-EB8DE4C158CF}.UnicodeDebug|Any CPU.Build.0 = Release|Win32
		{27080C4F-CD30-44E5-A613-EB8DE4C158CF}.UnicodeDebug|Any CPU.Deploy.0 = Release|Win32
		{27080C4F-CD30-44E5-A613-EB8DE4C158CF}.UnicodeDebug|x64.ActiveCfg = Debug|x64
		{27080C4F-CD30-44E5-A613-EB8DE4C158CF}.UnicodeDebug|x64.Build.0 = Debug|x64
		{27080C4F-CD30-44E5-A613-EB8DE4C158CF}.UnicodeDebug|x86.ActiveCfg = Debug|Win32
		{27080C4F-CD30-44E5-A613-EB8DE4C158CF}.UnicodeDebug|x86.Build.0 = Debug|Win32
		{27080C4F-CD30-44E5-A613-EB8DE4C158CF}.UnicodeRelease|Any CPU.ActiveCfg = Release|Win32
		{27080C4F-CD30-44E5-A613-EB8DE4C158CF}.UnicodeRelease|Any CPU.Build.0 = Release|Win32
		{27080C4F-CD30-44E5-A613-EB8DE4C158CF}.UnicodeRelease|Any CPU.Deploy.0 = Release|Win32
		{27080C4F-CD30-44E5-A613-EB8DE4C158CF}.UnicodeRelease|x64.ActiveCfg = Release|x64
		{27080C4F-CD30-44E5-A613-EB8DE4C158CF}.UnicodeRelease|x64.Build.0 = Release|x64
		{27080C4F-CD30-44E5-A613-EB8DE4C158CF}.UnicodeRelease|x86.ActiveCfg = Release|Win32
		{27080C4F-CD30-44E5-A613-EB8DE4C158CF}.UnicodeRelease|x86.Build.0 = Release|Win32
		{8BB8DABB-EBFE-4EEA-BDCE-03F2D26C172B}.Debug|Any CPU.ActiveCfg = Debug|Win32
		{8BB8DABB-EBFE-4EEA-BDCE-03F2D26C172B}.Debug|x64.ActiveCfg = Debug|x64
		{8BB8DABB-EBFE-4EEA-BDCE-03F2D26C172B}.Debug|x64.Build.0 = Debug|x64
		{8BB8DABB-EBFE-4EEA-BDCE-03F2D26C172B}.Debug|x86.ActiveCfg = Debug|Win32
		{8BB8DABB-EBFE-4EEA-BDCE-03F2D26C172B}.Debug|x86.Build.0 = Debug|Win32
		{8BB8DABB-EBFE-4EEA-BDCE-03F2D26C172B}.Release|Any CPU.ActiveCfg = Release|Win32
		{8BB8DABB-EBFE-4EEA-BDCE-03F2D26C172B}.Release|x64.ActiveCfg = Release|x64
		{8BB8DABB-EBFE-4EEA-BDCE-03F2D26C172B}.Release|x64.Build.0 = Release|x64
		{8BB8DABB-EBFE-4EEA-BDCE-03F2D26C172B}.Release|x86.ActiveCfg = Release|Win32
		{8BB8DABB-EBFE-4EEA-BDCE-03F2D26C172B}.Release|x86.Build.0 = Release|Win32
		{8BB8DABB-EBFE-4EEA-BDCE-03F2D26C172B}.UnicodeDebug|Any CPU.ActiveCfg = Release|Win32
		{8BB8DABB-EBFE-4EEA-BDCE-03F2D26C172B}.UnicodeDebug|Any CPU.Build.0 = Release|Win32
		{8BB8DABB-EBFE-4EEA-BDCE-03F2D26C172B}.UnicodeDebug|Any CPU.Deploy.0 = Release|Win32
		{8BB8DABB-EBFE-4EEA-BDCE-03F2D26C172B}.UnicodeDebug|x64.ActiveCfg = Debug|x64
		{8BB8DABB-EBFE-4EEA-BDCE-03F2D26C172B}.UnicodeDebug|x64.Build.0 = Debug|x64
		{8BB8DABB-EBFE-4EEA-BDCE-03F2D26C172B}.UnicodeDebug|x86.ActiveCfg = Debug|Win32
		{8BB8DABB-EBFE-4EEA-BDCE-03F2D26C172B}.UnicodeDebug|x86.Build.0 = Debug|Win32
		{8BB8DABB-EBFE-4EEA-BDCE-03F2D26C172B}.UnicodeRelease|Any CPU.ActiveCfg = Release|Win32
		{8BB8DABB-EBFE-4EEA-BDCE-03F2D26C172B}.UnicodeRelease|Any CPU.Build.0 = Release|Win32
		{8BB8DABB-EBFE-4EEA-BDCE-03F2D26C172B}.UnicodeRelease|Any CPU.Deploy.0 = Release|Win32
		{8BB8DABB-EBFE-4EEA-BDCE-03F2D26C172B}.UnicodeRelease|x64.ActiveCfg = Release|x64
		{8BB8DABB-EBFE-4EEA-BDCE-03F2D26C172B}.UnicodeRelease|x64.Build.0 = Release|x64
		{8BB8DABB-EBFE-4EEA-BDCE-03F2D26C172B}.UnicodeRelease|x86.ActiveCfg = Release|Win32
		{8BB8DABB-EBFE-4EEA-BDCE-03F2D26C172B}.UnicodeRelease|x86.Build.0 = Release|Win32
		{02EFE104-181E-4B73-8CAE-DEE1A398650F}.Debug|Any CPU.ActiveCfg = Debug|Win32
		{02EFE104-181E-4B73-8CAE-DEE1A398650F}.Debug|x64.ActiveCfg = Debug|x64
		{02EFE104-181E-4B73-8CAE-DEE1A398650F}.Debug|x64.Build.0 = Debug|x64
		{02EFE104-181E-4B73-8CAE-DEE1A398650F}.Debug|x86.ActiveCfg = Debug|Win32
		{02EFE104-181E-4B73-8CAE-DEE1A398650F}.Debug|x86.Build.0 = Debug|Win32
		{02EFE104-181E-4B73-8CAE-DEE1A398650F}.Release|Any CPU.ActiveCfg = Release|Win32
		{02EFE104-181E-4B73-8CAE-DEE1A398650F}.Release|x64.ActiveCfg = Release|x64
		{02EFE104-181E-4B73-8CAE-DEE1A398650F}.Release|x64.Build.0 = Release|x64
		{02EFE104-181E-4B73-8CAE-DEE1A398650F}.Release|x86.ActiveCfg = Release|Win32
		{02EFE104-181E-4B73-8CAE-DEE1A398650F}.Release|x86.Build.0 = Release|Win32
		{02EFE104-181E-4B73-8CAE-DEE1A398650F}.UnicodeDebug|Any CPU.ActiveCfg = Release|Win32
		{02EFE104-181E-4B73-8CAE-DEE1A398650F}.UnicodeDebug|Any CPU.Build.0 = Release|Win32
		{02EFE104-181E-4B73-8CAE-DEE1A398650F}.UnicodeDebug|Any CPU.Deploy.0 = Release|Win32
		{02EFE104-181E-4B73-8CAE-DEE1A398650F}.UnicodeDebug|x64.ActiveCfg = Debug|x64
		{02EFE104-181E-4B73-8CAE-DEE1A398650F}.UnicodeDebug|x64.Build.0 = Debug|x64
		{02EFE104-181E-4B73-8CAE-DEE1A398650F}.UnicodeDebug|x86.ActiveCfg = Debug|Win32
		{02EFE104-181E-4B73-8CAE-DEE1A398650F}.UnicodeDebug|x86.Build.0 = Debug|Win32
		{02EFE104-181E-4B73-8CAE-DEE1A398650F}.UnicodeRelease|Any CPU.ActiveCfg = Release|Win32
		{02EFE104-181E-4B73-8CAE-DEE1A398650F}.UnicodeRelease|Any CPU.Build.0 = Release|Win32
		{02EFE104-181E-4B73-8CAE-DEE1A398650F}.UnicodeRelease|Any CPU.Deploy.0 = Release|Win32
		{02EFE104-181E-4B73-8CAE-DEE1A398650F}.UnicodeRelease|x64.ActiveCfg = Release|x64
		{02EFE104-181E-4B73-8CAE-DEE1A398650F}.UnicodeRelease|x64.Build.0 = Release|x64
		{02EFE104-181E-4B73-8CAE-DEE1A398650F}.UnicodeRelease|x86.ActiveCfg = Release|Win32
		{02EFE104-181E-4B73-8CAE-DEE1A398650F}.UnicodeRelease|x86.Build.0 = Release|Win32
		{E84D2073-E8DB-42DF-A15A-F18B426AB4F8}.Debug|Any CPU.ActiveCfg = Debug|Win32
		{E84D2073-E8DB-42DF-A15A-F18B426AB4F8}.Debug|x64.ActiveCfg = Debug|x64
		{E84D2073-E8DB-42DF-A15A-F18B426AB4F8}.Debug|x64.Build.0 = Debug|x64
		{E84D2073-E8DB-42DF-A15A-F18B426AB4F8}.Debug|x86.ActiveCfg = Debug|Win32
		{E84D2073-E8DB-42DF-A15A-F18B426AB4F8}.Debug|x86.Build.0 = Debug|Win32
		{E84D2073-E8DB-42DF-A15A-F18B426AB4F8}.Release|Any CPU.ActiveCfg = Release|Win32
		{E84D2073-E8DB-42DF-A15A-F18B426AB4F8}.Release|x64.ActiveCfg = Release|x64
		{E84D2073-E8DB-42DF-A15A-F18B426AB4F8}.Release|x64.Build.0 = Release|x64
		{E84D2073-E8DB-42DF-A15A-F18B426AB4F8}.Release|x86.ActiveCfg = Release|Win32
		{E84D2073-E8DB-42DF-A15A-F18B426AB4F8}.Release|x86.Build.0 = Release|Win32
		{E84D2073-E8DB-42DF-A15A-F18B426AB4F8}.UnicodeDebug|Any CPU.ActiveCfg = Release|Win32
		{E84D2073-E8DB-42DF-A15A-F18B426AB4F8}.UnicodeDebug|Any CPU.Build.0 = Release|Win32
		{E84D2073-E8DB-42DF-A15A-F18B426AB4F8}.UnicodeDebug|Any CPU.Deploy.0 = Release|Win32
		{E84D2073-E8DB-42DF-A15A-F18B426AB4F8}.UnicodeDebug|x64.ActiveCfg = Debug|x64
		{E84D2073-E8DB-42DF-A15A-F18B426AB4F8}.UnicodeDebug|x64.Build.0 = Debug|x64
		{E84D2073-E8DB-42DF-A15A-F18B426AB4F8}.UnicodeDebug|x86.ActiveCfg = Debug|Win32
		{E84D2073-E8DB-42DF-A15A-F18B426AB4F8}.UnicodeDebug|x86.Build.0 = Debug|Win32
		{E84D2073-E8DB-42DF-A15A-F18B426AB4F8}.UnicodeRelease|Any CPU.ActiveCfg = Release|Win32
		{E84D2073-E8DB-42DF-A15A-F18B426AB4F8}.UnicodeRelease|Any CPU.Build.0 = Release|Win32
		{E84D2073-E8DB-42DF-A15A-F18B426AB4F8}.UnicodeRelease|Any CPU.Deploy.0 = Release|Win32
		{E84D2073-E8DB-42DF-A15A-F18B426AB4F8}.UnicodeRelease|x64.ActiveCfg = Release|x64
		{E84D2073-E8DB-42DF-A15A-F18B426AB4F8}.UnicodeRelease|x64.Build.0 = Release|x64
		{E84D2073-E8DB-42DF-A15A-F18B426AB4F8}.UnicodeRelease|x86.ActiveCfg = Release|Win32
		{E84D2073-E8DB-42DF-A15A-F18B426AB4F8}.UnicodeRelease|x86.Build.0 = Release|Win32
		{3484C8B1-5DF8-4F29-9A99-4749FE08345E}.Debug|Any CPU.ActiveCfg = Debug|Win32
		{3484C8B1-5DF8-4F29-9A99-4749FE08345E}.Debug|x64.ActiveCfg = Debug|x64
		{3484C8B1-5DF8-4F29-9A99-4749FE08345E}.Debug|x64.Build.0 = Debug|x64
		{3484C8B1-5DF8-4F29-9A99-4749FE08345E}.Debug|x86.ActiveCfg = Debug|Win32
		{3484C8B1-5DF8-4F29-9A99-4749FE08345E}.Debug|x86.Build.0 = Debug|Win32
		{3484C8B1-5DF8-4F29-9A99-4749FE08345E}.Release|Any CPU.ActiveCfg = Release|Win32
		{3484C8B1-5DF8-4F29-9A99-4749FE08345E}.Release|x64.ActiveCfg = Release|x64
		{3484C8B1-5DF8-4F29-9A99-4749FE08345E}.Release|x64.Build.0 = Release|x64
		{3484C8B1-5DF8-4F29-9A99-4749FE08345E}.Release|x86.ActiveCfg = Release|Win32
		{3484C8B1-5DF8-4F29-9A99-4749FE08345E}.Release|x86.Build.0 = Release|Win32
		{3484C8B1-5DF8-4F29-9A99-4749FE08345E}.UnicodeDebug|Any CPU.ActiveCfg = Release|Win32
		{3484C8B1-5DF8-4F29-9A99-4749FE08345E}.UnicodeDebug|Any CPU.Build.0 = Release|Win32
		{3484C8B1-5DF8-4F29-9A99-4749FE08345E}.UnicodeDebug|Any CPU.Deploy.0 = Release|Win32
		{3484C8B1-5DF8-4F29-9A99-4749FE08345E}.UnicodeDebug|x64.ActiveCfg = Debug|x64
		{3484C8B1-5DF8-4F29-9A99-4749FE08345E}.UnicodeDebug|x64.Build.0 = Debug|x64
		{3484C8B1-5DF8-4F29-9A99-4749FE08345E}.UnicodeDebug|x86.ActiveCfg = Debug|Win32
		{3484C8B1-5DF8-4F29-9A99-4749FE08345E}.UnicodeDebug|x86.Build.0 = Debug|Win32
		{3484C8B1-5DF8-4F29-9A99-4749FE08345E}.UnicodeRelease|Any CPU.ActiveCfg = Release|Win32
		{3484C8B1-5DF8-4F29-9A99-4749FE08345E}.UnicodeRelease|Any CPU.Build.0 = Release|Win32
		{3484C8B1-5DF8-4F29-9A99-4749FE08345E}.UnicodeRelease|Any CPU.Deploy.0 = Release|Win32
		{3484C8B1-5DF8-4F29-9A99-4749FE08345E}.UnicodeRelease|x64.ActiveCfg = Release|x64
		{3484C8B1-5DF8-4F29-9A99-4749FE08345E}.UnicodeRelease|x64.Build.0 = Release|x64
		{3484C8B1-5DF8-4F29-9A99-4749FE08345E}.UnicodeRelease|x86.ActiveCfg = Release|Win32
		{3484C8B1-5DF8-4F29-9A99-4749FE08345E}.UnicodeRelease|x86.Build.0 = Release|Win32
		{92B5CD54-B9E0-4FFA-BF4E-BDA25A8F1181}.Debug|Any CPU.ActiveCfg = Debug|Win32
		{92B5CD54-B9E0-4FFA-BF4E-BDA25A8F1181}.Debug|x64.ActiveCfg = Debug|x64
		{92B5CD54-B9E0-4FFA-BF4E-BDA25A8F1181}.Debug|x64.Build.0 = Debug|x64
		{92B5CD54-B9E0-4FFA-BF4E-BDA25A8F1181}.Debug|x86.ActiveCfg = Debug|Win32
		{92B5CD54-B9E0-4FFA-BF4E-BDA25A8F1181}.Debug|x86.Build.0 = Debug|Win32
		{92B5CD54-B9E0-4FFA-BF4E-BDA25A8F1181}.Release|Any CPU.ActiveCfg = Release|Win32
		{92B5CD54-B9E0-4FFA-BF4E-BDA25A8F1181}.Release|x64.ActiveCfg = Release|x64
		{92B5CD54-B9E0-4FFA-BF4E-BDA25A8F1181}.Release|x64.Build.0 = Release|x64
		{92B5CD54-B9E0-4FFA-BF4E-BDA25A8F1181}.Release|x86.ActiveCfg = Release|Win32
		{92B5CD54-B9E0-4FFA-BF4E-BDA25A8F1181}.Release|x86.Build.0 = Release|Win32
		{92B5CD54-B9E0-4FFA-BF4E-BDA25A8F1181}.UnicodeDebug|Any CPU.ActiveCfg = Release|Win32
		{92B5CD54-B9E0-4FFA-BF4E-BDA25A8F1181}.UnicodeDebug|Any CPU.Build.0 = Release|Win32
		{92B5CD54-B9E0-4FFA-BF4E-BDA25A8F1181}.UnicodeDebug|Any CPU.Deploy.0 = Release|Win32
		{92B5CD54-B9E0-4FFA-BF4E-BDA25A8F1181}.UnicodeDebug|x64.ActiveCfg = Debug|x64
		{92B5CD54-B9E0-4FFA-BF4E-BDA25A8F1181}.UnicodeDebug|x64.Build.0 = Debug|x64
		{92B5CD54-B9E0-4FFA-BF4E-BDA25A8F1181}.UnicodeDebug|x86.ActiveCfg = Debug|Win32
		{92B5CD54-B9E0-4FFA-BF4E-BDA25A8F1181}.UnicodeDebug|x86.Build.0 = Debug|Win32
		{92B5CD54-B9E0-4FFA-BF4E-BDA25A8F1181}.UnicodeRelease|Any CPU.ActiveCfg = Release|Win32
		{92B5CD54-B9E0-4FFA-BF4E-BDA25A8F1181}.UnicodeRelease|Any CPU.Build.0 = Release|Win32
		{92B5CD54-B9E0-4FFA-BF4E-BDA25A8F1181}.UnicodeRelease|Any CPU.Deploy.0 = Release|Win32
		{92B5CD54-B9E0-4FFA-BF4E-BDA25A8F1181}.UnicodeRelease|x64.ActiveCfg = Release|x64
		{92B5CD54-B9E0-4FFA-BF4E-BDA25A8F1181}.UnicodeRelease|x64.Build.0 = Release|x64
		{92B5CD54-B9E0-4FFA-BF4E-BDA25A8F1181}.UnicodeRelease|x86.ActiveCfg = Release|Win32
		{92B5CD54-B9E0-4FFA-BF4E-BDA25A8F1181}.UnicodeRelease|x86.Build.0 = Release|Win32
		{C8A3870C-B322-45A2-BF89-8B5D5E25D937}.Debug|Any CPU.ActiveCfg = Debug|Any CPU
		{C8A3870C-B322-45A2-BF89-8B5D5E25D937}.Debug|Any CPU.Build.0 = Debug|Any CPU
		{C8A3870C-B322-45A2-BF89-8B5D5E25D937}.Debug|x64.ActiveCfg = Debug|Any CPU
		{C8A3870C-B322-45A2-BF89-8B5D5E25D937}.Debug|x64.Build.0 = Debug|Any CPU
		{C8A3870C-B322-45A2-BF89-8B5D5E25D937}.Debug|x86.ActiveCfg = Debug|Any CPU
		{C8A3870C-B322-45A2-BF89-8B5D5E25D937}.Debug|x86.Build.0 = Debug|Any CPU
		{C8A3870C-B322-45A2-BF89-8B5D5E25D937}.Release|Any CPU.ActiveCfg = Release|Any CPU
		{C8A3870C-B322-45A2-BF89-8B5D5E25D937}.Release|Any CPU.Build.0 = Release|Any CPU
		{C8A3870C-B322-45A2-BF89-8B5D5E25D937}.Release|x64.ActiveCfg = Release|Any CPU
		{C8A3870C-B322-45A2-BF89-8B5D5E25D937}.Release|x64.Build.0 = Release|Any CPU
		{C8A3870C-B322-45A2-BF89-8B5D5E25D937}.Release|x86.ActiveCfg = Release|Any CPU
		{C8A3870C-B322-45A2-BF89-8B5D5E25D937}.Release|x86.Build.0 = Release|Any CPU
		{C8A3870C-B322-45A2-BF89-8B5D5E25D937}.UnicodeDebug|Any CPU.ActiveCfg = Debug|Any CPU
		{C8A3870C-B322-45A2-BF89-8B5D5E25D937}.UnicodeDebug|Any CPU.Build.0 = Debug|Any CPU
		{C8A3870C-B322-45A2-BF89-8B5D5E25D937}.UnicodeDebug|x64.ActiveCfg = Debug|Any CPU
		{C8A3870C-B322-45A2-BF89-8B5D5E25D937}.UnicodeDebug|x64.Build.0 = Debug|Any CPU
		{C8A3870C-B322-45A2-BF89-8B5D5E25D937}.UnicodeDebug|x86.ActiveCfg = Debug|Any CPU
		{C8A3870C-B322-45A2-BF89-8B5D5E25D937}.UnicodeDebug|x86.Build.0 = Debug|Any CPU
		{C8A3870C-B322-45A2-BF89-8B5D5E25D937}.UnicodeRelease|Any CPU.ActiveCfg = Release|Any CPU
		{C8A3870C-B322-45A2-BF89-8B5D5E25D937}.UnicodeRelease|Any CPU.Build.0 = Release|Any CPU
		{C8A3870C-B322-45A2-BF89-8B5D5E25D937}.UnicodeRelease|x64.ActiveCfg = Release|Any CPU
		{C8A3870C-B322-45A2-BF89-8B5D5E25D937}.UnicodeRelease|x64.Build.0 = Release|Any CPU
		{C8A3870C-B322-45A2-BF89-8B5D5E25D937}.UnicodeRelease|x86.ActiveCfg = Release|Any CPU
		{C8A3870C-B322-45A2-BF89-8B5D5E25D937}.UnicodeRelease|x86.Build.0 = Release|Any CPU
		{59EF0D64-111C-4931-AEF1-CF8984324ABA}.Debug|Any CPU.ActiveCfg = Debug|Any CPU
		{59EF0D64-111C-4931-AEF1-CF8984324ABA}.Debug|Any CPU.Build.0 = Debug|Any CPU
		{59EF0D64-111C-4931-AEF1-CF8984324ABA}.Debug|x64.ActiveCfg = Debug|Any CPU
		{59EF0D64-111C-4931-AEF1-CF8984324ABA}.Debug|x64.Build.0 = Debug|Any CPU
		{59EF0D64-111C-4931-AEF1-CF8984324ABA}.Debug|x86.ActiveCfg = Debug|Any CPU
		{59EF0D64-111C-4931-AEF1-CF8984324ABA}.Debug|x86.Build.0 = Debug|Any CPU
		{59EF0D64-111C-4931-AEF1-CF8984324ABA}.Release|Any CPU.ActiveCfg = Release|Any CPU
		{59EF0D64-111C-4931-AEF1-CF8984324ABA}.Release|Any CPU.Build.0 = Release|Any CPU
		{59EF0D64-111C-4931-AEF1-CF8984324ABA}.Release|x64.ActiveCfg = Release|Any CPU
		{59EF0D64-111C-4931-AEF1-CF8984324ABA}.Release|x64.Build.0 = Release|Any CPU
		{59EF0D64-111C-4931-AEF1-CF8984324ABA}.Release|x86.ActiveCfg = Release|Any CPU
		{59EF0D64-111C-4931-AEF1-CF8984324ABA}.Release|x86.Build.0 = Release|Any CPU
		{59EF0D64-111C-4931-AEF1-CF8984324ABA}.UnicodeDebug|Any CPU.ActiveCfg = Debug|Any CPU
		{59EF0D64-111C-4931-AEF1-CF8984324ABA}.UnicodeDebug|Any CPU.Build.0 = Debug|Any CPU
		{59EF0D64-111C-4931-AEF1-CF8984324ABA}.UnicodeDebug|x64.ActiveCfg = Debug|Any CPU
		{59EF0D64-111C-4931-AEF1-CF8984324ABA}.UnicodeDebug|x64.Build.0 = Debug|Any CPU
		{59EF0D64-111C-4931-AEF1-CF8984324ABA}.UnicodeDebug|x86.ActiveCfg = Debug|Any CPU
		{59EF0D64-111C-4931-AEF1-CF8984324ABA}.UnicodeDebug|x86.Build.0 = Debug|Any CPU
		{59EF0D64-111C-4931-AEF1-CF8984324ABA}.UnicodeRelease|Any CPU.ActiveCfg = Release|Any CPU
		{59EF0D64-111C-4931-AEF1-CF8984324ABA}.UnicodeRelease|Any CPU.Build.0 = Release|Any CPU
		{59EF0D64-111C-4931-AEF1-CF8984324ABA}.UnicodeRelease|x64.ActiveCfg = Release|Any CPU
		{59EF0D64-111C-4931-AEF1-CF8984324ABA}.UnicodeRelease|x64.Build.0 = Release|Any CPU
		{59EF0D64-111C-4931-AEF1-CF8984324ABA}.UnicodeRelease|x86.ActiveCfg = Release|Any CPU
		{59EF0D64-111C-4931-AEF1-CF8984324ABA}.UnicodeRelease|x86.Build.0 = Release|Any CPU
		{C05BF27E-4CB1-4E0E-9323-9017B914AFE4}.Debug|Any CPU.ActiveCfg = Debug|Any CPU
		{C05BF27E-4CB1-4E0E-9323-9017B914AFE4}.Debug|Any CPU.Build.0 = Debug|Any CPU
		{C05BF27E-4CB1-4E0E-9323-9017B914AFE4}.Debug|x64.ActiveCfg = Debug|Any CPU
		{C05BF27E-4CB1-4E0E-9323-9017B914AFE4}.Debug|x64.Build.0 = Debug|Any CPU
		{C05BF27E-4CB1-4E0E-9323-9017B914AFE4}.Debug|x86.ActiveCfg = Debug|Any CPU
		{C05BF27E-4CB1-4E0E-9323-9017B914AFE4}.Debug|x86.Build.0 = Debug|Any CPU
		{C05BF27E-4CB1-4E0E-9323-9017B914AFE4}.Release|Any CPU.ActiveCfg = Release|Any CPU
		{C05BF27E-4CB1-4E0E-9323-9017B914AFE4}.Release|Any CPU.Build.0 = Release|Any CPU
		{C05BF27E-4CB1-4E0E-9323-9017B914AFE4}.Release|x64.ActiveCfg = Release|Any CPU
		{C05BF27E-4CB1-4E0E-9323-9017B914AFE4}.Release|x64.Build.0 = Release|Any CPU
		{C05BF27E-4CB1-4E0E-9323-9017B914AFE4}.Release|x86.ActiveCfg = Release|Any CPU
		{C05BF27E-4CB1-4E0E-9323-9017B914AFE4}.Release|x86.Build.0 = Release|Any CPU
		{C05BF27E-4CB1-4E0E-9323-9017B914AFE4}.UnicodeDebug|Any CPU.ActiveCfg = Debug|Any CPU
		{C05BF27E-4CB1-4E0E-9323-9017B914AFE4}.UnicodeDebug|Any CPU.Build.0 = Debug|Any CPU
		{C05BF27E-4CB1-4E0E-9323-9017B914AFE4}.UnicodeDebug|x64.ActiveCfg = Debug|Any CPU
		{C05BF27E-4CB1-4E0E-9323-9017B914AFE4}.UnicodeDebug|x64.Build.0 = Debug|Any CPU
		{C05BF27E-4CB1-4E0E-9323-9017B914AFE4}.UnicodeDebug|x86.ActiveCfg = Debug|Any CPU
		{C05BF27E-4CB1-4E0E-9323-9017B914AFE4}.UnicodeDebug|x86.Build.0 = Debug|Any CPU
		{C05BF27E-4CB1-4E0E-9323-9017B914AFE4}.UnicodeRelease|Any CPU.ActiveCfg = Release|Any CPU
		{C05BF27E-4CB1-4E0E-9323-9017B914AFE4}.UnicodeRelease|Any CPU.Build.0 = Release|Any CPU
		{C05BF27E-4CB1-4E0E-9323-9017B914AFE4}.UnicodeRelease|x64.ActiveCfg = Release|Any CPU
		{C05BF27E-4CB1-4E0E-9323-9017B914AFE4}.UnicodeRelease|x64.Build.0 = Release|Any CPU
		{C05BF27E-4CB1-4E0E-9323-9017B914AFE4}.UnicodeRelease|x86.ActiveCfg = Release|Any CPU
		{C05BF27E-4CB1-4E0E-9323-9017B914AFE4}.UnicodeRelease|x86.Build.0 = Release|Any CPU
		{7CB1DC81-9E73-446A-8629-A5D5FE3F5909}.Debug|Any CPU.ActiveCfg = Debug|Any CPU
		{7CB1DC81-9E73-446A-8629-A5D5FE3F5909}.Debug|Any CPU.Build.0 = Debug|Any CPU
		{7CB1DC81-9E73-446A-8629-A5D5FE3F5909}.Debug|x64.ActiveCfg = Debug|Any CPU
		{7CB1DC81-9E73-446A-8629-A5D5FE3F5909}.Debug|x64.Build.0 = Debug|Any CPU
		{7CB1DC81-9E73-446A-8629-A5D5FE3F5909}.Debug|x86.ActiveCfg = Debug|Any CPU
		{7CB1DC81-9E73-446A-8629-A5D5FE3F5909}.Debug|x86.Build.0 = Debug|Any CPU
		{7CB1DC81-9E73-446A-8629-A5D5FE3F5909}.Release|Any CPU.ActiveCfg = Release|Any CPU
		{7CB1DC81-9E73-446A-8629-A5D5FE3F5909}.Release|Any CPU.Build.0 = Release|Any CPU
		{7CB1DC81-9E73-446A-8629-A5D5FE3F5909}.Release|x64.ActiveCfg = Release|Any CPU
		{7CB1DC81-9E73-446A-8629-A5D5FE3F5909}.Release|x64.Build.0 = Release|Any CPU
		{7CB1DC81-9E73-446A-8629-A5D5FE3F5909}.Release|x86.ActiveCfg = Release|Any CPU
		{7CB1DC81-9E73-446A-8629-A5D5FE3F5909}.Release|x86.Build.0 = Release|Any CPU
		{7CB1DC81-9E73-446A-8629-A5D5FE3F5909}.UnicodeDebug|Any CPU.ActiveCfg = Debug|Any CPU
		{7CB1DC81-9E73-446A-8629-A5D5FE3F5909}.UnicodeDebug|Any CPU.Build.0 = Debug|Any CPU
		{7CB1DC81-9E73-446A-8629-A5D5FE3F5909}.UnicodeDebug|x64.ActiveCfg = Debug|Any CPU
		{7CB1DC81-9E73-446A-8629-A5D5FE3F5909}.UnicodeDebug|x64.Build.0 = Debug|Any CPU
		{7CB1DC81-9E73-446A-8629-A5D5FE3F5909}.UnicodeDebug|x86.ActiveCfg = Debug|Any CPU
		{7CB1DC81-9E73-446A-8629-A5D5FE3F5909}.UnicodeDebug|x86.Build.0 = Debug|Any CPU
		{7CB1DC81-9E73-446A-8629-A5D5FE3F5909}.UnicodeRelease|Any CPU.ActiveCfg = Release|Any CPU
		{7CB1DC81-9E73-446A-8629-A5D5FE3F5909}.UnicodeRelease|Any CPU.Build.0 = Release|Any CPU
		{7CB1DC81-9E73-446A-8629-A5D5FE3F5909}.UnicodeRelease|x64.ActiveCfg = Release|Any CPU
		{7CB1DC81-9E73-446A-8629-A5D5FE3F5909}.UnicodeRelease|x64.Build.0 = Release|Any CPU
		{7CB1DC81-9E73-446A-8629-A5D5FE3F5909}.UnicodeRelease|x86.ActiveCfg = Release|Any CPU
		{7CB1DC81-9E73-446A-8629-A5D5FE3F5909}.UnicodeRelease|x86.Build.0 = Release|Any CPU
		{D4D35A29-365A-4A9E-B40C-C2046872E676}.Debug|Any CPU.ActiveCfg = Debug|Win32
		{D4D35A29-365A-4A9E-B40C-C2046872E676}.Debug|x64.ActiveCfg = Debug|x64
		{D4D35A29-365A-4A9E-B40C-C2046872E676}.Debug|x64.Build.0 = Debug|x64
		{D4D35A29-365A-4A9E-B40C-C2046872E676}.Debug|x86.ActiveCfg = Debug|Win32
		{D4D35A29-365A-4A9E-B40C-C2046872E676}.Debug|x86.Build.0 = Debug|Win32
		{D4D35A29-365A-4A9E-B40C-C2046872E676}.Release|Any CPU.ActiveCfg = Release|Win32
		{D4D35A29-365A-4A9E-B40C-C2046872E676}.Release|x64.ActiveCfg = Release|x64
		{D4D35A29-365A-4A9E-B40C-C2046872E676}.Release|x64.Build.0 = Release|x64
		{D4D35A29-365A-4A9E-B40C-C2046872E676}.Release|x86.ActiveCfg = Release|Win32
		{D4D35A29-365A-4A9E-B40C-C2046872E676}.Release|x86.Build.0 = Release|Win32
		{D4D35A29-365A-4A9E-B40C-C2046872E676}.UnicodeDebug|Any CPU.ActiveCfg = Release|x64
		{D4D35A29-365A-4A9E-B40C-C2046872E676}.UnicodeDebug|Any CPU.Build.0 = Release|x64
		{D4D35A29-365A-4A9E-B40C-C2046872E676}.UnicodeDebug|x64.ActiveCfg = Debug|x64
		{D4D35A29-365A-4A9E-B40C-C2046872E676}.UnicodeDebug|x64.Build.0 = Debug|x64
		{D4D35A29-365A-4A9E-B40C-C2046872E676}.UnicodeDebug|x86.ActiveCfg = Debug|Win32
		{D4D35A29-365A-4A9E-B40C-C2046872E676}.UnicodeDebug|x86.Build.0 = Debug|Win32
		{D4D35A29-365A-4A9E-B40C-C2046872E676}.UnicodeRelease|Any CPU.ActiveCfg = Release|x64
		{D4D35A29-365A-4A9E-B40C-C2046872E676}.UnicodeRelease|Any CPU.Build.0 = Release|x64
		{D4D35A29-365A-4A9E-B40C-C2046872E676}.UnicodeRelease|x64.ActiveCfg = Release|x64
		{D4D35A29-365A-4A9E-B40C-C2046872E676}.UnicodeRelease|x64.Build.0 = Release|x64
		{D4D35A29-365A-4A9E-B40C-C2046872E676}.UnicodeRelease|x86.ActiveCfg = Release|Win32
		{D4D35A29-365A-4A9E-B40C-C2046872E676}.UnicodeRelease|x86.Build.0 = Release|Win32
		{C75CAF4D-3869-46BB-A5B9-7C3EEFB10ADB}.Debug|Any CPU.ActiveCfg = Debug|Win32
		{C75CAF4D-3869-46BB-A5B9-7C3EEFB10ADB}.Debug|x64.ActiveCfg = Debug|x64
		{C75CAF4D-3869-46BB-A5B9-7C3EEFB10ADB}.Debug|x64.Build.0 = Debug|x64
		{C75CAF4D-3869-46BB-A5B9-7C3EEFB10ADB}.Debug|x86.ActiveCfg = Debug|Win32
		{C75CAF4D-3869-46BB-A5B9-7C3EEFB10ADB}.Debug|x86.Build.0 = Debug|Win32
		{C75CAF4D-3869-46BB-A5B9-7C3EEFB10ADB}.Release|Any CPU.ActiveCfg = Release|Win32
		{C75CAF4D-3869-46BB-A5B9-7C3EEFB10ADB}.Release|x64.ActiveCfg = Release|x64
		{C75CAF4D-3869-46BB-A5B9-7C3EEFB10ADB}.Release|x64.Build.0 = Release|x64
		{C75CAF4D-3869-46BB-A5B9-7C3EEFB10ADB}.Release|x86.ActiveCfg = Release|Win32
		{C75CAF4D-3869-46BB-A5B9-7C3EEFB10ADB}.Release|x86.Build.0 = Release|Win32
		{C75CAF4D-3869-46BB-A5B9-7C3EEFB10ADB}.UnicodeDebug|Any CPU.ActiveCfg = Release|x64
		{C75CAF4D-3869-46BB-A5B9-7C3EEFB10ADB}.UnicodeDebug|Any CPU.Build.0 = Release|x64
		{C75CAF4D-3869-46BB-A5B9-7C3EEFB10ADB}.UnicodeDebug|x64.ActiveCfg = Debug|x64
		{C75CAF4D-3869-46BB-A5B9-7C3EEFB10ADB}.UnicodeDebug|x64.Build.0 = Debug|x64
		{C75CAF4D-3869-46BB-A5B9-7C3EEFB10ADB}.UnicodeDebug|x86.ActiveCfg = Debug|Win32
		{C75CAF4D-3869-46BB-A5B9-7C3EEFB10ADB}.UnicodeDebug|x86.Build.0 = Debug|Win32
		{C75CAF4D-3869-46BB-A5B9-7C3EEFB10ADB}.UnicodeRelease|Any CPU.ActiveCfg = Release|x64
		{C75CAF4D-3869-46BB-A5B9-7C3EEFB10ADB}.UnicodeRelease|Any CPU.Build.0 = Release|x64
		{C75CAF4D-3869-46BB-A5B9-7C3EEFB10ADB}.UnicodeRelease|x64.ActiveCfg = Release|x64
		{C75CAF4D-3869-46BB-A5B9-7C3EEFB10ADB}.UnicodeRelease|x64.Build.0 = Release|x64
		{C75CAF4D-3869-46BB-A5B9-7C3EEFB10ADB}.UnicodeRelease|x86.ActiveCfg = Release|Win32
		{C75CAF4D-3869-46BB-A5B9-7C3EEFB10ADB}.UnicodeRelease|x86.Build.0 = Release|Win32
		{97852361-91BB-44FE-8A95-A88720E87211}.Debug|Any CPU.ActiveCfg = Debug|Win32
		{97852361-91BB-44FE-8A95-A88720E87211}.Debug|x64.ActiveCfg = Debug|x64
		{97852361-91BB-44FE-8A95-A88720E87211}.Debug|x64.Build.0 = Debug|x64
		{97852361-91BB-44FE-8A95-A88720E87211}.Debug|x86.ActiveCfg = Debug|Win32
		{97852361-91BB-44FE-8A95-A88720E87211}.Debug|x86.Build.0 = Debug|Win32
		{97852361-91BB-44FE-8A95-A88720E87211}.Release|Any CPU.ActiveCfg = Release|Win32
		{97852361-91BB-44FE-8A95-A88720E87211}.Release|x64.ActiveCfg = Release|x64
		{97852361-91BB-44FE-8A95-A88720E87211}.Release|x64.Build.0 = Release|x64
		{97852361-91BB-44FE-8A95-A88720E87211}.Release|x86.ActiveCfg = Release|Win32
		{97852361-91BB-44FE-8A95-A88720E87211}.Release|x86.Build.0 = Release|Win32
		{97852361-91BB-44FE-8A95-A88720E87211}.UnicodeDebug|Any CPU.ActiveCfg = Release|x64
		{97852361-91BB-44FE-8A95-A88720E87211}.UnicodeDebug|Any CPU.Build.0 = Release|x64
		{97852361-91BB-44FE-8A95-A88720E87211}.UnicodeDebug|x64.ActiveCfg = Debug|x64
		{97852361-91BB-44FE-8A95-A88720E87211}.UnicodeDebug|x64.Build.0 = Debug|x64
		{97852361-91BB-44FE-8A95-A88720E87211}.UnicodeDebug|x86.ActiveCfg = Debug|Win32
		{97852361-91BB-44FE-8A95-A88720E87211}.UnicodeDebug|x86.Build.0 = Debug|Win32
		{97852361-91BB-44FE-8A95-A88720E87211}.UnicodeRelease|Any CPU.ActiveCfg = Release|x64
		{97852361-91BB-44FE-8A95-A88720E87211}.UnicodeRelease|Any CPU.Build.0 = Release|x64
		{97852361-91BB-44FE-8A95-A88720E87211}.UnicodeRelease|x64.ActiveCfg = Release|x64
		{97852361-91BB-44FE-8A95-A88720E87211}.UnicodeRelease|x64.Build.0 = Release|x64
		{97852361-91BB-44FE-8A95-A88720E87211}.UnicodeRelease|x86.ActiveCfg = Release|Win32
		{97852361-91BB-44FE-8A95-A88720E87211}.UnicodeRelease|x86.Build.0 = Release|Win32
		{5EEEA73E-258F-4C85-9BC1-4346E2A824C2}.Debug|Any CPU.ActiveCfg = Debug|Win32
		{5EEEA73E-258F-4C85-9BC1-4346E2A824C2}.Debug|x64.ActiveCfg = Debug|x64
		{5EEEA73E-258F-4C85-9BC1-4346E2A824C2}.Debug|x64.Build.0 = Debug|x64
		{5EEEA73E-258F-4C85-9BC1-4346E2A824C2}.Debug|x86.ActiveCfg = Debug|Win32
		{5EEEA73E-258F-4C85-9BC1-4346E2A824C2}.Debug|x86.Build.0 = Debug|Win32
		{5EEEA73E-258F-4C85-9BC1-4346E2A824C2}.Release|Any CPU.ActiveCfg = Release|Win32
		{5EEEA73E-258F-4C85-9BC1-4346E2A824C2}.Release|x64.ActiveCfg = Release|x64
		{5EEEA73E-258F-4C85-9BC1-4346E2A824C2}.Release|x64.Build.0 = Release|x64
		{5EEEA73E-258F-4C85-9BC1-4346E2A824C2}.Release|x86.ActiveCfg = Release|Win32
		{5EEEA73E-258F-4C85-9BC1-4346E2A824C2}.Release|x86.Build.0 = Release|Win32
		{5EEEA73E-258F-4C85-9BC1-4346E2A824C2}.UnicodeDebug|Any CPU.ActiveCfg = Release|x64
		{5EEEA73E-258F-4C85-9BC1-4346E2A824C2}.UnicodeDebug|Any CPU.Build.0 = Release|x64
		{5EEEA73E-258F-4C85-9BC1-4346E2A824C2}.UnicodeDebug|x64.ActiveCfg = Debug|x64
		{5EEEA73E-258F-4C85-9BC1-4346E2A824C2}.UnicodeDebug|x64.Build.0 = Debug|x64
		{5EEEA73E-258F-4C85-9BC1-4346E2A824C2}.UnicodeDebug|x86.ActiveCfg = Debug|Win32
		{5EEEA73E-258F-4C85-9BC1-4346E2A824C2}.UnicodeDebug|x86.Build.0 = Debug|Win32
		{5EEEA73E-258F-4C85-9BC1-4346E2A824C2}.UnicodeRelease|Any CPU.ActiveCfg = Release|x64
		{5EEEA73E-258F-4C85-9BC1-4346E2A824C2}.UnicodeRelease|Any CPU.Build.0 = Release|x64
		{5EEEA73E-258F-4C85-9BC1-4346E2A824C2}.UnicodeRelease|x64.ActiveCfg = Release|x64
		{5EEEA73E-258F-4C85-9BC1-4346E2A824C2}.UnicodeRelease|x64.Build.0 = Release|x64
		{5EEEA73E-258F-4C85-9BC1-4346E2A824C2}.UnicodeRelease|x86.ActiveCfg = Release|Win32
		{5EEEA73E-258F-4C85-9BC1-4346E2A824C2}.UnicodeRelease|x86.Build.0 = Release|Win32
		{8F57EF1E-46FD-4B9F-924A-6C9C42A9EAAA}.Debug|Any CPU.ActiveCfg = Debug|Win32
		{8F57EF1E-46FD-4B9F-924A-6C9C42A9EAAA}.Debug|x64.ActiveCfg = Debug|x64
		{8F57EF1E-46FD-4B9F-924A-6C9C42A9EAAA}.Debug|x64.Build.0 = Debug|x64
		{8F57EF1E-46FD-4B9F-924A-6C9C42A9EAAA}.Debug|x86.ActiveCfg = Debug|Win32
		{8F57EF1E-46FD-4B9F-924A-6C9C42A9EAAA}.Debug|x86.Build.0 = Debug|Win32
		{8F57EF1E-46FD-4B9F-924A-6C9C42A9EAAA}.Release|Any CPU.ActiveCfg = Release|Win32
		{8F57EF1E-46FD-4B9F-924A-6C9C42A9EAAA}.Release|x64.ActiveCfg = Release|x64
		{8F57EF1E-46FD-4B9F-924A-6C9C42A9EAAA}.Release|x64.Build.0 = Release|x64
		{8F57EF1E-46FD-4B9F-924A-6C9C42A9EAAA}.Release|x86.ActiveCfg = Release|Win32
		{8F57EF1E-46FD-4B9F-924A-6C9C42A9EAAA}.Release|x86.Build.0 = Release|Win32
		{8F57EF1E-46FD-4B9F-924A-6C9C42A9EAAA}.UnicodeDebug|Any CPU.ActiveCfg = Release|x64
		{8F57EF1E-46FD-4B9F-924A-6C9C42A9EAAA}.UnicodeDebug|Any CPU.Build.0 = Release|x64
		{8F57EF1E-46FD-4B9F-924A-6C9C42A9EAAA}.UnicodeDebug|x64.ActiveCfg = Debug|x64
		{8F57EF1E-46FD-4B9F-924A-6C9C42A9EAAA}.UnicodeDebug|x64.Build.0 = Debug|x64
		{8F57EF1E-46FD-4B9F-924A-6C9C42A9EAAA}.UnicodeDebug|x86.ActiveCfg = Debug|Win32
		{8F57EF1E-46FD-4B9F-924A-6C9C42A9EAAA}.UnicodeDebug|x86.Build.0 = Debug|Win32
		{8F57EF1E-46FD-4B9F-924A-6C9C42A9EAAA}.UnicodeRelease|Any CPU.ActiveCfg = Release|x64
		{8F57EF1E-46FD-4B9F-924A-6C9C42A9EAAA}.UnicodeRelease|Any CPU.Build.0 = Release|x64
		{8F57EF1E-46FD-4B9F-924A-6C9C42A9EAAA}.UnicodeRelease|x64.ActiveCfg = Release|x64
		{8F57EF1E-46FD-4B9F-924A-6C9C42A9EAAA}.UnicodeRelease|x64.Build.0 = Release|x64
		{8F57EF1E-46FD-4B9F-924A-6C9C42A9EAAA}.UnicodeRelease|x86.ActiveCfg = Release|Win32
		{8F57EF1E-46FD-4B9F-924A-6C9C42A9EAAA}.UnicodeRelease|x86.Build.0 = Release|Win32
	EndGlobalSection
	GlobalSection(SolutionProperties) = preSolution
		HideSolutionNode = FALSE
	EndGlobalSection
	GlobalSection(ExtensibilityGlobals) = postSolution
		SolutionGuid = {E93F331A-6B54-46C4-AFAF-BD6FB590CCD4}
	EndGlobalSection
EndGlobal
