
Microsoft Visual Studio Solution File, Format Version 12.00
# Visual Studio 14
VisualStudioVersion = 14.0.24720.0
MinimumVisualStudioVersion = 10.0.40219.1
Project("{8BC9CEB8-8B4A-11D0-8D11-00A0C91BC942}") = "CardPlatform", "CardPlatform\CardPlatform.vcxproj", "{1B0DBA91-1B08-4A7F-B26B-77A754148DDA}"
	ProjectSection(ProjectDependencies) = postProject
		{74935E36-7407-42F7-941E-D37D583C0FE7} = {74935E36-7407-42F7-941E-D37D583C0FE7}
	EndProjectSection
EndProject
Project("{8BC9CEB8-8B4A-11D0-8D11-00A0C91BC942}") = "DuiLibTest", "DuiLibTest\DuiLibTest.vcxproj", "{C5EEA673-FBC8-447B-8865-119256F0E332}"
	ProjectSection(ProjectDependencies) = postProject
		{74935E36-7407-42F7-941E-D37D583C0FE7} = {74935E36-7407-42F7-941E-D37D583C0FE7}
	EndProjectSection
EndProject
Project("{8BC9CEB8-8B4A-11D0-8D11-00A0C91BC942}") = "DuiLib_R", "DuiLib_R\DuiLib_R.vcxproj", "{74935E36-7407-42F7-941E-D37D583C0FE7}"
EndProject
Project("{8BC9CEB8-8B4A-11D0-8D11-00A0C91BC942}") = "PythonTest", "PythonTest\PythonTest.vcxproj", "{437EAD4A-638F-4A52-B582-E33595BDBD4F}"
EndProject
Project("{8BC9CEB8-8B4A-11D0-8D11-00A0C91BC942}") = "PCSC", "PCSC\PCSC.vcxproj", "{0C9661B0-0F06-4F3C-AD36-F5650F60812F}"
	ProjectSection(ProjectDependencies) = postProject
		{6C158251-C843-41FE-8B64-5926DFCD2411} = {6C158251-C843-41FE-8B64-5926DFCD2411}
	EndProjectSection
EndProject
Project("{8BC9CEB8-8B4A-11D0-8D11-00A0C91BC942}") = "ApduCmd", "ApduCmd\ApduCmd.vcxproj", "{56BB62BE-70AF-4389-AED5-D6CE777ADAE9}"
	ProjectSection(ProjectDependencies) = postProject
		{02EFE104-181E-4B73-8CAE-DEE1A398650F} = {02EFE104-181E-4B73-8CAE-DEE1A398650F}
		{6C158251-C843-41FE-8B64-5926DFCD2411} = {6C158251-C843-41FE-8B64-5926DFCD2411}
		{0C9661B0-0F06-4F3C-AD36-F5650F60812F} = {0C9661B0-0F06-4F3C-AD36-F5650F60812F}
	EndProjectSection
EndProject
Project("{8BC9CEB8-8B4A-11D0-8D11-00A0C91BC942}") = "PCSCTest", "PCSCTest\PCSCTest.vcxproj", "{FE8F3565-F5A3-4F14-A7C1-0AB404046248}"
	ProjectSection(ProjectDependencies) = postProject
		{0C9661B0-0F06-4F3C-AD36-F5650F60812F} = {0C9661B0-0F06-4F3C-AD36-F5650F60812F}
	EndProjectSection
EndProject
Project("{8BC9CEB8-8B4A-11D0-8D11-00A0C91BC942}") = "ListDemo", "ListDemo\ListDemo.vcxproj", "{034F84C1-331C-46DF-A8D6-55441F8C270E}"
	ProjectSection(ProjectDependencies) = postProject
		{74935E36-7407-42F7-941E-D37D583C0FE7} = {74935E36-7407-42F7-941E-D37D583C0FE7}
	EndProjectSection
EndProject
Project("{8BC9CEB8-8B4A-11D0-8D11-00A0C91BC942}") = "ControlAttrTest", "ControlAttrTest\ControlAttrTest.vcxproj", "{0337BFCB-B119-4569-8D46-9E33C834BE0C}"
	ProjectSection(ProjectDependencies) = postProject
		{74935E36-7407-42F7-941E-D37D583C0FE7} = {74935E36-7407-42F7-941E-D37D583C0FE7}
	EndProjectSection
EndProject
Project("{8BC9CEB8-8B4A-11D0-8D11-00A0C91BC942}") = "AXCtl", "AXCtl\AXCtl.vcxproj", "{EE7FE25A-323B-4DAE-BD8C-7FEDFE9027C7}"
EndProject
Project("{8BC9CEB8-8B4A-11D0-8D11-00A0C91BC942}") = "WindowlessRE", "WindowlessRE\WindowlessRE.vcxproj", "{7795DD1A-0D89-424F-B1F1-5ECBBF3336C0}"
EndProject
Project("{8BC9CEB8-8B4A-11D0-8D11-00A0C91BC942}") = "GenKey", "GenKey\GenKey.vcxproj", "{02EFE104-181E-4B73-8CAE-DEE1A398650F}"
EndProject
Project("{8BC9CEB8-8B4A-11D0-8D11-00A0C91BC942}") = "GDIPlusTest", "GDIPlusTest\GDIPlusTest.vcxproj", "{022EA2FC-10FF-4F39-84BE-922A9EAC705E}"
EndProject
Project("{8BC9CEB8-8B4A-11D0-8D11-00A0C91BC942}") = "CPS", "CPS\CPS.vcxproj", "{8F57EF1E-46FD-4B9F-924A-6C9C42A9EAAA}"
	ProjectSection(ProjectDependencies) = postProject
		{56BB62BE-70AF-4389-AED5-D6CE777ADAE9} = {56BB62BE-70AF-4389-AED5-D6CE777ADAE9}
	EndProjectSection
EndProject
Project("{8BC9CEB8-8B4A-11D0-8D11-00A0C91BC942}") = "Util", "Util\Util.vcxproj", "{6C158251-C843-41FE-8B64-5926DFCD2411}"
EndProject
Project("{8BC9CEB8-8B4A-11D0-8D11-00A0C91BC942}") = "YLDpParse", "YLDpParse\YLDpParse.vcxproj", "{F0920F78-6936-4119-B9C0-5E4BEC46A01B}"
EndProject
Global
	GlobalSection(SolutionConfigurationPlatforms) = preSolution
		Debug|x64 = Debug|x64
		Debug|x86 = Debug|x86
		Release|x64 = Release|x64
		Release|x86 = Release|x86
		UnicodeDebug|x64 = UnicodeDebug|x64
		UnicodeDebug|x86 = UnicodeDebug|x86
		UnicodeRelease|x64 = UnicodeRelease|x64
		UnicodeRelease|x86 = UnicodeRelease|x86
	EndGlobalSection
	GlobalSection(ProjectConfigurationPlatforms) = postSolution
		{1B0DBA91-1B08-4A7F-B26B-77A754148DDA}.Debug|x64.ActiveCfg = Debug|x64
		{1B0DBA91-1B08-4A7F-B26B-77A754148DDA}.Debug|x64.Build.0 = Debug|x64
		{1B0DBA91-1B08-4A7F-B26B-77A754148DDA}.Debug|x86.ActiveCfg = Debug|Win32
		{1B0DBA91-1B08-4A7F-B26B-77A754148DDA}.Debug|x86.Build.0 = Debug|Win32
		{1B0DBA91-1B08-4A7F-B26B-77A754148DDA}.Release|x64.ActiveCfg = Release|x64
		{1B0DBA91-1B08-4A7F-B26B-77A754148DDA}.Release|x64.Build.0 = Release|x64
		{1B0DBA91-1B08-4A7F-B26B-77A754148DDA}.Release|x86.ActiveCfg = Release|Win32
		{1B0DBA91-1B08-4A7F-B26B-77A754148DDA}.Release|x86.Build.0 = Release|Win32
		{1B0DBA91-1B08-4A7F-B26B-77A754148DDA}.UnicodeDebug|x64.ActiveCfg = Debug|x64
		{1B0DBA91-1B08-4A7F-B26B-77A754148DDA}.UnicodeDebug|x64.Build.0 = Debug|x64
		{1B0DBA91-1B08-4A7F-B26B-77A754148DDA}.UnicodeDebug|x86.ActiveCfg = Debug|Win32
		{1B0DBA91-1B08-4A7F-B26B-77A754148DDA}.UnicodeDebug|x86.Build.0 = Debug|Win32
		{1B0DBA91-1B08-4A7F-B26B-77A754148DDA}.UnicodeRelease|x64.ActiveCfg = Release|x64
		{1B0DBA91-1B08-4A7F-B26B-77A754148DDA}.UnicodeRelease|x64.Build.0 = Release|x64
		{1B0DBA91-1B08-4A7F-B26B-77A754148DDA}.UnicodeRelease|x86.ActiveCfg = Release|Win32
		{1B0DBA91-1B08-4A7F-B26B-77A754148DDA}.UnicodeRelease|x86.Build.0 = Release|Win32
		{C5EEA673-FBC8-447B-8865-119256F0E332}.Debug|x64.ActiveCfg = Debug|x64
		{C5EEA673-FBC8-447B-8865-119256F0E332}.Debug|x64.Build.0 = Debug|x64
		{C5EEA673-FBC8-447B-8865-119256F0E332}.Debug|x86.ActiveCfg = Debug|Win32
		{C5EEA673-FBC8-447B-8865-119256F0E332}.Debug|x86.Build.0 = Debug|Win32
		{C5EEA673-FBC8-447B-8865-119256F0E332}.Release|x64.ActiveCfg = Release|x64
		{C5EEA673-FBC8-447B-8865-119256F0E332}.Release|x64.Build.0 = Release|x64
		{C5EEA673-FBC8-447B-8865-119256F0E332}.Release|x86.ActiveCfg = Release|Win32
		{C5EEA673-FBC8-447B-8865-119256F0E332}.Release|x86.Build.0 = Release|Win32
		{C5EEA673-FBC8-447B-8865-119256F0E332}.UnicodeDebug|x64.ActiveCfg = Debug|x64
		{C5EEA673-FBC8-447B-8865-119256F0E332}.UnicodeDebug|x64.Build.0 = Debug|x64
		{C5EEA673-FBC8-447B-8865-119256F0E332}.UnicodeDebug|x86.ActiveCfg = Debug|Win32
		{C5EEA673-FBC8-447B-8865-119256F0E332}.UnicodeDebug|x86.Build.0 = Debug|Win32
		{C5EEA673-FBC8-447B-8865-119256F0E332}.UnicodeRelease|x64.ActiveCfg = Release|x64
		{C5EEA673-FBC8-447B-8865-119256F0E332}.UnicodeRelease|x64.Build.0 = Release|x64
		{C5EEA673-FBC8-447B-8865-119256F0E332}.UnicodeRelease|x86.ActiveCfg = Release|Win32
		{C5EEA673-FBC8-447B-8865-119256F0E332}.UnicodeRelease|x86.Build.0 = Release|Win32
		{74935E36-7407-42F7-941E-D37D583C0FE7}.Debug|x64.ActiveCfg = Debug|Win32
		{74935E36-7407-42F7-941E-D37D583C0FE7}.Debug|x86.ActiveCfg = Debug|Win32
		{74935E36-7407-42F7-941E-D37D583C0FE7}.Debug|x86.Build.0 = Debug|Win32
		{74935E36-7407-42F7-941E-D37D583C0FE7}.Release|x64.ActiveCfg = Release|Win32
		{74935E36-7407-42F7-941E-D37D583C0FE7}.Release|x86.ActiveCfg = Release|Win32
		{74935E36-7407-42F7-941E-D37D583C0FE7}.Release|x86.Build.0 = Release|Win32
		{74935E36-7407-42F7-941E-D37D583C0FE7}.UnicodeDebug|x64.ActiveCfg = Release|Win32
		{74935E36-7407-42F7-941E-D37D583C0FE7}.UnicodeDebug|x64.Build.0 = Release|Win32
		{74935E36-7407-42F7-941E-D37D583C0FE7}.UnicodeDebug|x86.ActiveCfg = Debug|Win32
		{74935E36-7407-42F7-941E-D37D583C0FE7}.UnicodeDebug|x86.Build.0 = Debug|Win32
		{74935E36-7407-42F7-941E-D37D583C0FE7}.UnicodeRelease|x64.ActiveCfg = Release|Win32
		{74935E36-7407-42F7-941E-D37D583C0FE7}.UnicodeRelease|x64.Build.0 = Release|Win32
		{74935E36-7407-42F7-941E-D37D583C0FE7}.UnicodeRelease|x86.ActiveCfg = Release|Win32
		{74935E36-7407-42F7-941E-D37D583C0FE7}.UnicodeRelease|x86.Build.0 = Release|Win32
		{437EAD4A-638F-4A52-B582-E33595BDBD4F}.Debug|x64.ActiveCfg = Debug|x64
		{437EAD4A-638F-4A52-B582-E33595BDBD4F}.Debug|x64.Build.0 = Debug|x64
		{437EAD4A-638F-4A52-B582-E33595BDBD4F}.Debug|x86.ActiveCfg = Debug|Win32
		{437EAD4A-638F-4A52-B582-E33595BDBD4F}.Debug|x86.Build.0 = Debug|Win32
		{437EAD4A-638F-4A52-B582-E33595BDBD4F}.Release|x64.ActiveCfg = Release|x64
		{437EAD4A-638F-4A52-B582-E33595BDBD4F}.Release|x64.Build.0 = Release|x64
		{437EAD4A-638F-4A52-B582-E33595BDBD4F}.Release|x86.ActiveCfg = Release|Win32
		{437EAD4A-638F-4A52-B582-E33595BDBD4F}.Release|x86.Build.0 = Release|Win32
		{437EAD4A-638F-4A52-B582-E33595BDBD4F}.UnicodeDebug|x64.ActiveCfg = Debug|x64
		{437EAD4A-638F-4A52-B582-E33595BDBD4F}.UnicodeDebug|x64.Build.0 = Debug|x64
		{437EAD4A-638F-4A52-B582-E33595BDBD4F}.UnicodeDebug|x86.ActiveCfg = Debug|Win32
		{437EAD4A-638F-4A52-B582-E33595BDBD4F}.UnicodeDebug|x86.Build.0 = Debug|Win32
		{437EAD4A-638F-4A52-B582-E33595BDBD4F}.UnicodeRelease|x64.ActiveCfg = Release|x64
		{437EAD4A-638F-4A52-B582-E33595BDBD4F}.UnicodeRelease|x64.Build.0 = Release|x64
		{437EAD4A-638F-4A52-B582-E33595BDBD4F}.UnicodeRelease|x86.ActiveCfg = Release|Win32
		{437EAD4A-638F-4A52-B582-E33595BDBD4F}.UnicodeRelease|x86.Build.0 = Release|Win32
		{0C9661B0-0F06-4F3C-AD36-F5650F60812F}.Debug|x64.ActiveCfg = Debug|x64
		{0C9661B0-0F06-4F3C-AD36-F5650F60812F}.Debug|x64.Build.0 = Debug|x64
		{0C9661B0-0F06-4F3C-AD36-F5650F60812F}.Debug|x86.ActiveCfg = Debug|Win32
		{0C9661B0-0F06-4F3C-AD36-F5650F60812F}.Debug|x86.Build.0 = Debug|Win32
		{0C9661B0-0F06-4F3C-AD36-F5650F60812F}.Release|x64.ActiveCfg = Release|x64
		{0C9661B0-0F06-4F3C-AD36-F5650F60812F}.Release|x64.Build.0 = Release|x64
		{0C9661B0-0F06-4F3C-AD36-F5650F60812F}.Release|x86.ActiveCfg = Release|Win32
		{0C9661B0-0F06-4F3C-AD36-F5650F60812F}.Release|x86.Build.0 = Release|Win32
		{0C9661B0-0F06-4F3C-AD36-F5650F60812F}.UnicodeDebug|x64.ActiveCfg = Debug|x64
		{0C9661B0-0F06-4F3C-AD36-F5650F60812F}.UnicodeDebug|x64.Build.0 = Debug|x64
		{0C9661B0-0F06-4F3C-AD36-F5650F60812F}.UnicodeDebug|x86.ActiveCfg = Debug|Win32
		{0C9661B0-0F06-4F3C-AD36-F5650F60812F}.UnicodeDebug|x86.Build.0 = Debug|Win32
		{0C9661B0-0F06-4F3C-AD36-F5650F60812F}.UnicodeRelease|x64.ActiveCfg = Release|x64
		{0C9661B0-0F06-4F3C-AD36-F5650F60812F}.UnicodeRelease|x64.Build.0 = Release|x64
		{0C9661B0-0F06-4F3C-AD36-F5650F60812F}.UnicodeRelease|x86.ActiveCfg = Release|Win32
		{0C9661B0-0F06-4F3C-AD36-F5650F60812F}.UnicodeRelease|x86.Build.0 = Release|Win32
		{56BB62BE-70AF-4389-AED5-D6CE777ADAE9}.Debug|x64.ActiveCfg = Debug|x64
		{56BB62BE-70AF-4389-AED5-D6CE777ADAE9}.Debug|x64.Build.0 = Debug|x64
		{56BB62BE-70AF-4389-AED5-D6CE777ADAE9}.Debug|x86.ActiveCfg = Debug|Win32
		{56BB62BE-70AF-4389-AED5-D6CE777ADAE9}.Debug|x86.Build.0 = Debug|Win32
		{56BB62BE-70AF-4389-AED5-D6CE777ADAE9}.Debug|x86.Deploy.0 = Debug|Win32
		{56BB62BE-70AF-4389-AED5-D6CE777ADAE9}.Release|x64.ActiveCfg = Release|x64
		{56BB62BE-70AF-4389-AED5-D6CE777ADAE9}.Release|x64.Build.0 = Release|x64
		{56BB62BE-70AF-4389-AED5-D6CE777ADAE9}.Release|x86.ActiveCfg = Release|Win32
		{56BB62BE-70AF-4389-AED5-D6CE777ADAE9}.Release|x86.Build.0 = Release|Win32
		{56BB62BE-70AF-4389-AED5-D6CE777ADAE9}.UnicodeDebug|x64.ActiveCfg = Debug|x64
		{56BB62BE-70AF-4389-AED5-D6CE777ADAE9}.UnicodeDebug|x64.Build.0 = Debug|x64
		{56BB62BE-70AF-4389-AED5-D6CE777ADAE9}.UnicodeDebug|x86.ActiveCfg = Debug|Win32
		{56BB62BE-70AF-4389-AED5-D6CE777ADAE9}.UnicodeDebug|x86.Build.0 = Debug|Win32
		{56BB62BE-70AF-4389-AED5-D6CE777ADAE9}.UnicodeRelease|x64.ActiveCfg = Release|x64
		{56BB62BE-70AF-4389-AED5-D6CE777ADAE9}.UnicodeRelease|x64.Build.0 = Release|x64
		{56BB62BE-70AF-4389-AED5-D6CE777ADAE9}.UnicodeRelease|x86.ActiveCfg = Release|Win32
		{56BB62BE-70AF-4389-AED5-D6CE777ADAE9}.UnicodeRelease|x86.Build.0 = Release|Win32
		{FE8F3565-F5A3-4F14-A7C1-0AB404046248}.Debug|x64.ActiveCfg = Debug|x64
		{FE8F3565-F5A3-4F14-A7C1-0AB404046248}.Debug|x64.Build.0 = Debug|x64
		{FE8F3565-F5A3-4F14-A7C1-0AB404046248}.Debug|x86.ActiveCfg = Debug|Win32
		{FE8F3565-F5A3-4F14-A7C1-0AB404046248}.Debug|x86.Build.0 = Debug|Win32
		{FE8F3565-F5A3-4F14-A7C1-0AB404046248}.Release|x64.ActiveCfg = Release|x64
		{FE8F3565-F5A3-4F14-A7C1-0AB404046248}.Release|x64.Build.0 = Release|x64
		{FE8F3565-F5A3-4F14-A7C1-0AB404046248}.Release|x86.ActiveCfg = Release|Win32
		{FE8F3565-F5A3-4F14-A7C1-0AB404046248}.Release|x86.Build.0 = Release|Win32
		{FE8F3565-F5A3-4F14-A7C1-0AB404046248}.UnicodeDebug|x64.ActiveCfg = Debug|x64
		{FE8F3565-F5A3-4F14-A7C1-0AB404046248}.UnicodeDebug|x64.Build.0 = Debug|x64
		{FE8F3565-F5A3-4F14-A7C1-0AB404046248}.UnicodeDebug|x86.ActiveCfg = Debug|Win32
		{FE8F3565-F5A3-4F14-A7C1-0AB404046248}.UnicodeDebug|x86.Build.0 = Debug|Win32
		{FE8F3565-F5A3-4F14-A7C1-0AB404046248}.UnicodeRelease|x64.ActiveCfg = Release|x64
		{FE8F3565-F5A3-4F14-A7C1-0AB404046248}.UnicodeRelease|x64.Build.0 = Release|x64
		{FE8F3565-F5A3-4F14-A7C1-0AB404046248}.UnicodeRelease|x86.ActiveCfg = Release|Win32
		{FE8F3565-F5A3-4F14-A7C1-0AB404046248}.UnicodeRelease|x86.Build.0 = Release|Win32
		{034F84C1-331C-46DF-A8D6-55441F8C270E}.Debug|x64.ActiveCfg = Debug|x64
		{034F84C1-331C-46DF-A8D6-55441F8C270E}.Debug|x64.Build.0 = Debug|x64
		{034F84C1-331C-46DF-A8D6-55441F8C270E}.Debug|x86.ActiveCfg = Debug|Win32
		{034F84C1-331C-46DF-A8D6-55441F8C270E}.Debug|x86.Build.0 = Debug|Win32
		{034F84C1-331C-46DF-A8D6-55441F8C270E}.Release|x64.ActiveCfg = Release|x64
		{034F84C1-331C-46DF-A8D6-55441F8C270E}.Release|x64.Build.0 = Release|x64
		{034F84C1-331C-46DF-A8D6-55441F8C270E}.Release|x86.ActiveCfg = Release|Win32
		{034F84C1-331C-46DF-A8D6-55441F8C270E}.Release|x86.Build.0 = Release|Win32
		{034F84C1-331C-46DF-A8D6-55441F8C270E}.UnicodeDebug|x64.ActiveCfg = Debug|x64
		{034F84C1-331C-46DF-A8D6-55441F8C270E}.UnicodeDebug|x64.Build.0 = Debug|x64
		{034F84C1-331C-46DF-A8D6-55441F8C270E}.UnicodeDebug|x86.ActiveCfg = Debug|Win32
		{034F84C1-331C-46DF-A8D6-55441F8C270E}.UnicodeDebug|x86.Build.0 = Debug|Win32
		{034F84C1-331C-46DF-A8D6-55441F8C270E}.UnicodeRelease|x64.ActiveCfg = Release|x64
		{034F84C1-331C-46DF-A8D6-55441F8C270E}.UnicodeRelease|x64.Build.0 = Release|x64
		{034F84C1-331C-46DF-A8D6-55441F8C270E}.UnicodeRelease|x86.ActiveCfg = Release|Win32
		{034F84C1-331C-46DF-A8D6-55441F8C270E}.UnicodeRelease|x86.Build.0 = Release|Win32
		{0337BFCB-B119-4569-8D46-9E33C834BE0C}.Debug|x64.ActiveCfg = Debug|x64
		{0337BFCB-B119-4569-8D46-9E33C834BE0C}.Debug|x64.Build.0 = Debug|x64
		{0337BFCB-B119-4569-8D46-9E33C834BE0C}.Debug|x86.ActiveCfg = Debug|Win32
		{0337BFCB-B119-4569-8D46-9E33C834BE0C}.Debug|x86.Build.0 = Debug|Win32
		{0337BFCB-B119-4569-8D46-9E33C834BE0C}.Release|x64.ActiveCfg = Release|x64
		{0337BFCB-B119-4569-8D46-9E33C834BE0C}.Release|x64.Build.0 = Release|x64
		{0337BFCB-B119-4569-8D46-9E33C834BE0C}.Release|x86.ActiveCfg = Release|Win32
		{0337BFCB-B119-4569-8D46-9E33C834BE0C}.Release|x86.Build.0 = Release|Win32
		{0337BFCB-B119-4569-8D46-9E33C834BE0C}.UnicodeDebug|x64.ActiveCfg = Debug|x64
		{0337BFCB-B119-4569-8D46-9E33C834BE0C}.UnicodeDebug|x64.Build.0 = Debug|x64
		{0337BFCB-B119-4569-8D46-9E33C834BE0C}.UnicodeDebug|x86.ActiveCfg = Debug|Win32
		{0337BFCB-B119-4569-8D46-9E33C834BE0C}.UnicodeDebug|x86.Build.0 = Debug|Win32
		{0337BFCB-B119-4569-8D46-9E33C834BE0C}.UnicodeRelease|x64.ActiveCfg = Release|x64
		{0337BFCB-B119-4569-8D46-9E33C834BE0C}.UnicodeRelease|x64.Build.0 = Release|x64
		{0337BFCB-B119-4569-8D46-9E33C834BE0C}.UnicodeRelease|x86.ActiveCfg = Release|Win32
		{0337BFCB-B119-4569-8D46-9E33C834BE0C}.UnicodeRelease|x86.Build.0 = Release|Win32
		{EE7FE25A-323B-4DAE-BD8C-7FEDFE9027C7}.Debug|x64.ActiveCfg = Debug|x64
		{EE7FE25A-323B-4DAE-BD8C-7FEDFE9027C7}.Debug|x64.Build.0 = Debug|x64
		{EE7FE25A-323B-4DAE-BD8C-7FEDFE9027C7}.Debug|x86.ActiveCfg = Debug|Win32
		{EE7FE25A-323B-4DAE-BD8C-7FEDFE9027C7}.Debug|x86.Build.0 = Debug|Win32
		{EE7FE25A-323B-4DAE-BD8C-7FEDFE9027C7}.Release|x64.ActiveCfg = Release|x64
		{EE7FE25A-323B-4DAE-BD8C-7FEDFE9027C7}.Release|x64.Build.0 = Release|x64
		{EE7FE25A-323B-4DAE-BD8C-7FEDFE9027C7}.Release|x86.ActiveCfg = Release|Win32
		{EE7FE25A-323B-4DAE-BD8C-7FEDFE9027C7}.Release|x86.Build.0 = Release|Win32
		{EE7FE25A-323B-4DAE-BD8C-7FEDFE9027C7}.UnicodeDebug|x64.ActiveCfg = Debug|x64
		{EE7FE25A-323B-4DAE-BD8C-7FEDFE9027C7}.UnicodeDebug|x64.Build.0 = Debug|x64
		{EE7FE25A-323B-4DAE-BD8C-7FEDFE9027C7}.UnicodeDebug|x86.ActiveCfg = Debug|Win32
		{EE7FE25A-323B-4DAE-BD8C-7FEDFE9027C7}.UnicodeDebug|x86.Build.0 = Debug|Win32
		{EE7FE25A-323B-4DAE-BD8C-7FEDFE9027C7}.UnicodeRelease|x64.ActiveCfg = Release|x64
		{EE7FE25A-323B-4DAE-BD8C-7FEDFE9027C7}.UnicodeRelease|x64.Build.0 = Release|x64
		{EE7FE25A-323B-4DAE-BD8C-7FEDFE9027C7}.UnicodeRelease|x86.ActiveCfg = Release|Win32
		{EE7FE25A-323B-4DAE-BD8C-7FEDFE9027C7}.UnicodeRelease|x86.Build.0 = Release|Win32
		{7795DD1A-0D89-424F-B1F1-5ECBBF3336C0}.Debug|x64.ActiveCfg = Debug|x64
		{7795DD1A-0D89-424F-B1F1-5ECBBF3336C0}.Debug|x64.Build.0 = Debug|x64
		{7795DD1A-0D89-424F-B1F1-5ECBBF3336C0}.Debug|x86.ActiveCfg = Debug|Win32
		{7795DD1A-0D89-424F-B1F1-5ECBBF3336C0}.Debug|x86.Build.0 = Debug|Win32
		{7795DD1A-0D89-424F-B1F1-5ECBBF3336C0}.Release|x64.ActiveCfg = Release|x64
		{7795DD1A-0D89-424F-B1F1-5ECBBF3336C0}.Release|x64.Build.0 = Release|x64
		{7795DD1A-0D89-424F-B1F1-5ECBBF3336C0}.Release|x86.ActiveCfg = Release|Win32
		{7795DD1A-0D89-424F-B1F1-5ECBBF3336C0}.Release|x86.Build.0 = Release|Win32
		{7795DD1A-0D89-424F-B1F1-5ECBBF3336C0}.UnicodeDebug|x64.ActiveCfg = Debug|x64
		{7795DD1A-0D89-424F-B1F1-5ECBBF3336C0}.UnicodeDebug|x64.Build.0 = Debug|x64
		{7795DD1A-0D89-424F-B1F1-5ECBBF3336C0}.UnicodeDebug|x86.ActiveCfg = Debug|Win32
		{7795DD1A-0D89-424F-B1F1-5ECBBF3336C0}.UnicodeDebug|x86.Build.0 = Debug|Win32
		{7795DD1A-0D89-424F-B1F1-5ECBBF3336C0}.UnicodeRelease|x64.ActiveCfg = Release|x64
		{7795DD1A-0D89-424F-B1F1-5ECBBF3336C0}.UnicodeRelease|x64.Build.0 = Release|x64
		{7795DD1A-0D89-424F-B1F1-5ECBBF3336C0}.UnicodeRelease|x86.ActiveCfg = Release|Win32
		{7795DD1A-0D89-424F-B1F1-5ECBBF3336C0}.UnicodeRelease|x86.Build.0 = Release|Win32
		{02EFE104-181E-4B73-8CAE-DEE1A398650F}.Debug|x64.ActiveCfg = Debug|x64
		{02EFE104-181E-4B73-8CAE-DEE1A398650F}.Debug|x64.Build.0 = Debug|x64
		{02EFE104-181E-4B73-8CAE-DEE1A398650F}.Debug|x86.ActiveCfg = Debug|Win32
		{02EFE104-181E-4B73-8CAE-DEE1A398650F}.Debug|x86.Build.0 = Debug|Win32
		{02EFE104-181E-4B73-8CAE-DEE1A398650F}.Release|x64.ActiveCfg = Release|x64
		{02EFE104-181E-4B73-8CAE-DEE1A398650F}.Release|x64.Build.0 = Release|x64
		{02EFE104-181E-4B73-8CAE-DEE1A398650F}.Release|x86.ActiveCfg = Release|Win32
		{02EFE104-181E-4B73-8CAE-DEE1A398650F}.Release|x86.Build.0 = Release|Win32
		{02EFE104-181E-4B73-8CAE-DEE1A398650F}.UnicodeDebug|x64.ActiveCfg = Debug|x64
		{02EFE104-181E-4B73-8CAE-DEE1A398650F}.UnicodeDebug|x64.Build.0 = Debug|x64
		{02EFE104-181E-4B73-8CAE-DEE1A398650F}.UnicodeDebug|x86.ActiveCfg = Debug|Win32
		{02EFE104-181E-4B73-8CAE-DEE1A398650F}.UnicodeDebug|x86.Build.0 = Debug|Win32
		{02EFE104-181E-4B73-8CAE-DEE1A398650F}.UnicodeRelease|x64.ActiveCfg = Release|x64
		{02EFE104-181E-4B73-8CAE-DEE1A398650F}.UnicodeRelease|x64.Build.0 = Release|x64
		{02EFE104-181E-4B73-8CAE-DEE1A398650F}.UnicodeRelease|x86.ActiveCfg = Release|Win32
		{02EFE104-181E-4B73-8CAE-DEE1A398650F}.UnicodeRelease|x86.Build.0 = Release|Win32
		{022EA2FC-10FF-4F39-84BE-922A9EAC705E}.Debug|x64.ActiveCfg = Debug|x64
		{022EA2FC-10FF-4F39-84BE-922A9EAC705E}.Debug|x64.Build.0 = Debug|x64
		{022EA2FC-10FF-4F39-84BE-922A9EAC705E}.Debug|x86.ActiveCfg = Debug|Win32
		{022EA2FC-10FF-4F39-84BE-922A9EAC705E}.Debug|x86.Build.0 = Debug|Win32
		{022EA2FC-10FF-4F39-84BE-922A9EAC705E}.Release|x64.ActiveCfg = Release|x64
		{022EA2FC-10FF-4F39-84BE-922A9EAC705E}.Release|x64.Build.0 = Release|x64
		{022EA2FC-10FF-4F39-84BE-922A9EAC705E}.Release|x86.ActiveCfg = Release|Win32
		{022EA2FC-10FF-4F39-84BE-922A9EAC705E}.Release|x86.Build.0 = Release|Win32
		{022EA2FC-10FF-4F39-84BE-922A9EAC705E}.UnicodeDebug|x64.ActiveCfg = Debug|x64
		{022EA2FC-10FF-4F39-84BE-922A9EAC705E}.UnicodeDebug|x64.Build.0 = Debug|x64
		{022EA2FC-10FF-4F39-84BE-922A9EAC705E}.UnicodeDebug|x86.ActiveCfg = Debug|Win32
		{022EA2FC-10FF-4F39-84BE-922A9EAC705E}.UnicodeDebug|x86.Build.0 = Debug|Win32
		{022EA2FC-10FF-4F39-84BE-922A9EAC705E}.UnicodeRelease|x64.ActiveCfg = Release|x64
		{022EA2FC-10FF-4F39-84BE-922A9EAC705E}.UnicodeRelease|x64.Build.0 = Release|x64
		{022EA2FC-10FF-4F39-84BE-922A9EAC705E}.UnicodeRelease|x86.ActiveCfg = Release|Win32
		{022EA2FC-10FF-4F39-84BE-922A9EAC705E}.UnicodeRelease|x86.Build.0 = Release|Win32
		{8F57EF1E-46FD-4B9F-924A-6C9C42A9EAAA}.Debug|x64.ActiveCfg = Debug|x64
		{8F57EF1E-46FD-4B9F-924A-6C9C42A9EAAA}.Debug|x64.Build.0 = Debug|x64
		{8F57EF1E-46FD-4B9F-924A-6C9C42A9EAAA}.Debug|x86.ActiveCfg = Debug|Win32
		{8F57EF1E-46FD-4B9F-924A-6C9C42A9EAAA}.Debug|x86.Build.0 = Debug|Win32
		{8F57EF1E-46FD-4B9F-924A-6C9C42A9EAAA}.Release|x64.ActiveCfg = Release|x64
		{8F57EF1E-46FD-4B9F-924A-6C9C42A9EAAA}.Release|x64.Build.0 = Release|x64
		{8F57EF1E-46FD-4B9F-924A-6C9C42A9EAAA}.Release|x86.ActiveCfg = Release|Win32
		{8F57EF1E-46FD-4B9F-924A-6C9C42A9EAAA}.Release|x86.Build.0 = Release|Win32
		{8F57EF1E-46FD-4B9F-924A-6C9C42A9EAAA}.UnicodeDebug|x64.ActiveCfg = Debug|x64
		{8F57EF1E-46FD-4B9F-924A-6C9C42A9EAAA}.UnicodeDebug|x64.Build.0 = Debug|x64
		{8F57EF1E-46FD-4B9F-924A-6C9C42A9EAAA}.UnicodeDebug|x86.ActiveCfg = Debug|Win32
		{8F57EF1E-46FD-4B9F-924A-6C9C42A9EAAA}.UnicodeDebug|x86.Build.0 = Debug|Win32
		{8F57EF1E-46FD-4B9F-924A-6C9C42A9EAAA}.UnicodeRelease|x64.ActiveCfg = Release|x64
		{8F57EF1E-46FD-4B9F-924A-6C9C42A9EAAA}.UnicodeRelease|x64.Build.0 = Release|x64
		{8F57EF1E-46FD-4B9F-924A-6C9C42A9EAAA}.UnicodeRelease|x86.ActiveCfg = Release|Win32
		{8F57EF1E-46FD-4B9F-924A-6C9C42A9EAAA}.UnicodeRelease|x86.Build.0 = Release|Win32
		{6C158251-C843-41FE-8B64-5926DFCD2411}.Debug|x64.ActiveCfg = Debug|x64
		{6C158251-C843-41FE-8B64-5926DFCD2411}.Debug|x64.Build.0 = Debug|x64
		{6C158251-C843-41FE-8B64-5926DFCD2411}.Debug|x86.ActiveCfg = Debug|Win32
		{6C158251-C843-41FE-8B64-5926DFCD2411}.Debug|x86.Build.0 = Debug|Win32
		{6C158251-C843-41FE-8B64-5926DFCD2411}.Release|x64.ActiveCfg = Release|x64
		{6C158251-C843-41FE-8B64-5926DFCD2411}.Release|x64.Build.0 = Release|x64
		{6C158251-C843-41FE-8B64-5926DFCD2411}.Release|x86.ActiveCfg = Release|Win32
		{6C158251-C843-41FE-8B64-5926DFCD2411}.Release|x86.Build.0 = Release|Win32
		{6C158251-C843-41FE-8B64-5926DFCD2411}.UnicodeDebug|x64.ActiveCfg = Debug|x64
		{6C158251-C843-41FE-8B64-5926DFCD2411}.UnicodeDebug|x64.Build.0 = Debug|x64
		{6C158251-C843-41FE-8B64-5926DFCD2411}.UnicodeDebug|x86.ActiveCfg = Debug|Win32
		{6C158251-C843-41FE-8B64-5926DFCD2411}.UnicodeDebug|x86.Build.0 = Debug|Win32
		{6C158251-C843-41FE-8B64-5926DFCD2411}.UnicodeRelease|x64.ActiveCfg = Release|x64
		{6C158251-C843-41FE-8B64-5926DFCD2411}.UnicodeRelease|x64.Build.0 = Release|x64
		{6C158251-C843-41FE-8B64-5926DFCD2411}.UnicodeRelease|x86.ActiveCfg = Release|Win32
		{6C158251-C843-41FE-8B64-5926DFCD2411}.UnicodeRelease|x86.Build.0 = Release|Win32
		{F0920F78-6936-4119-B9C0-5E4BEC46A01B}.Debug|x64.ActiveCfg = Debug|x64
		{F0920F78-6936-4119-B9C0-5E4BEC46A01B}.Debug|x64.Build.0 = Debug|x64
		{F0920F78-6936-4119-B9C0-5E4BEC46A01B}.Debug|x86.ActiveCfg = Debug|Win32
		{F0920F78-6936-4119-B9C0-5E4BEC46A01B}.Debug|x86.Build.0 = Debug|Win32
		{F0920F78-6936-4119-B9C0-5E4BEC46A01B}.Release|x64.ActiveCfg = Release|x64
		{F0920F78-6936-4119-B9C0-5E4BEC46A01B}.Release|x64.Build.0 = Release|x64
		{F0920F78-6936-4119-B9C0-5E4BEC46A01B}.Release|x86.ActiveCfg = Release|Win32
		{F0920F78-6936-4119-B9C0-5E4BEC46A01B}.Release|x86.Build.0 = Release|Win32
		{F0920F78-6936-4119-B9C0-5E4BEC46A01B}.UnicodeDebug|x64.ActiveCfg = Debug|x64
		{F0920F78-6936-4119-B9C0-5E4BEC46A01B}.UnicodeDebug|x64.Build.0 = Debug|x64
		{F0920F78-6936-4119-B9C0-5E4BEC46A01B}.UnicodeDebug|x86.ActiveCfg = Debug|Win32
		{F0920F78-6936-4119-B9C0-5E4BEC46A01B}.UnicodeDebug|x86.Build.0 = Debug|Win32
		{F0920F78-6936-4119-B9C0-5E4BEC46A01B}.UnicodeRelease|x64.ActiveCfg = Release|x64
		{F0920F78-6936-4119-B9C0-5E4BEC46A01B}.UnicodeRelease|x64.Build.0 = Release|x64
		{F0920F78-6936-4119-B9C0-5E4BEC46A01B}.UnicodeRelease|x86.ActiveCfg = Release|Win32
		{F0920F78-6936-4119-B9C0-5E4BEC46A01B}.UnicodeRelease|x86.Build.0 = Release|Win32
	EndGlobalSection
	GlobalSection(SolutionProperties) = preSolution
		HideSolutionNode = FALSE
	EndGlobalSection
EndGlobal
