
Microsoft Visual Studio Solution File, Format Version 12.00
# Visual Studio 15
VisualStudioVersion = 15.0.27130.2010
MinimumVisualStudioVersion = 10.0.40219.1
Project("{8BC9CEB8-8B4A-11D0-8D11-00A0C91BC942}") = "DuiLibTest", "DuiLibTest\DuiLibTest.vcxproj", "{C5EEA673-FBC8-447B-8865-119256F0E332}"
	ProjectSection(ProjectDependencies) = postProject
		{74935E36-7407-42F7-941E-D37D583C0FE7} = {74935E36-7407-42F7-941E-D37D583C0FE7}
	EndProjectSection
EndProject
Project("{8BC9CEB8-8B4A-11D0-8D11-00A0C91BC942}") = "DuiLib_R", "DuiLib_R\DuiLib_R.vcxproj", "{74935E36-7407-42F7-941E-D37D583C0FE7}"
EndProject
Project("{8BC9CEB8-8B4A-11D0-8D11-00A0C91BC942}") = "PCSC", "PCSC\PCSC.vcxproj", "{0C9661B0-0F06-4F3C-AD36-F5650F60812F}"
	ProjectSection(ProjectDependencies) = postProject
		{6C158251-C843-41FE-8B64-5926DFCD2411} = {6C158251-C843-41FE-8B64-5926DFCD2411}
	EndProjectSection
EndProject
Project("{8BC9CEB8-8B4A-11D0-8D11-00A0C91BC942}") = "ApduCmd", "ApduCmd\ApduCmd.vcxproj", "{56BB62BE-70AF-4389-AED5-D6CE777ADAE9}"
	ProjectSection(ProjectDependencies) = postProject
		{02EFE104-181E-4B73-8CAE-DEE1A398650F} = {02EFE104-181E-4B73-8CAE-DEE1A398650F}
		{6C158251-C843-41FE-8B64-5926DFCD2411} = {6C158251-C843-41FE-8B64-5926DFCD2411}
		{0C9661B0-0F06-4F3C-AD36-F5650F60812F} = {0C9661B0-0F06-4F3C-AD36-F5650F60812F}
	EndProjectSection
EndProject
Project("{8BC9CEB8-8B4A-11D0-8D11-00A0C91BC942}") = "PCSCTest", "PCSCTest\PCSCTest.vcxproj", "{FE8F3565-F5A3-4F14-A7C1-0AB404046248}"
	ProjectSection(ProjectDependencies) = postProject
		{F0920F78-6936-4119-B9C0-5E4BEC46A01B} = {F0920F78-6936-4119-B9C0-5E4BEC46A01B}
		{0C9661B0-0F06-4F3C-AD36-F5650F60812F} = {0C9661B0-0F06-4F3C-AD36-F5650F60812F}
	EndProjectSection
EndProject
Project("{8BC9CEB8-8B4A-11D0-8D11-00A0C91BC942}") = "ListDemo", "ListDemo\ListDemo.vcxproj", "{034F84C1-331C-46DF-A8D6-55441F8C270E}"
	ProjectSection(ProjectDependencies) = postProject
		{74935E36-7407-42F7-941E-D37D583C0FE7} = {74935E36-7407-42F7-941E-D37D583C0FE7}
	EndProjectSection
EndProject
Project("{8BC9CEB8-8B4A-11D0-8D11-00A0C91BC942}") = "ControlAttrTest", "ControlAttrTest\ControlAttrTest.vcxproj", "{0337BFCB-B119-4569-8D46-9E33C834BE0C}"
	ProjectSection(ProjectDependencies) = postProject
		{74935E36-7407-42F7-941E-D37D583C0FE7} = {74935E36-7407-42F7-941E-D37D583C0FE7}
	EndProjectSection
EndProject
Project("{8BC9CEB8-8B4A-11D0-8D11-00A0C91BC942}") = "CPS", "CPS\CPS.vcxproj", "{8F57EF1E-46FD-4B9F-924A-6C9C42A9EAAA}"
	ProjectSection(ProjectDependencies) = postProject
		{56BB62BE-70AF-4389-AED5-D6CE777ADAE9} = {56BB62BE-70AF-4389-AED5-D6CE777ADAE9}
	EndProjectSection
EndProject
Project("{8BC9CEB8-8B4A-11D0-8D11-00A0C91BC942}") = "Util", "Util\Util.vcxproj", "{6C158251-C843-41FE-8B64-5926DFCD2411}"
EndProject
Project("{8BC9CEB8-8B4A-11D0-8D11-00A0C91BC942}") = "DpParse_YL", "YLDpParse\YLDpParse.vcxproj", "{F0920F78-6936-4119-B9C0-5E4BEC46A01B}"
	ProjectSection(ProjectDependencies) = postProject
		{ADCCA255-8163-4939-9DE7-F5CBC4F801D1} = {ADCCA255-8163-4939-9DE7-F5CBC4F801D1}
	EndProjectSection
EndProject
Project("{8BC9CEB8-8B4A-11D0-8D11-00A0C91BC942}") = "AuthencationTest", "AuthencationTest\AuthencationTest.vcxproj", "{27080C4F-CD30-44E5-A613-EB8DE4C158CF}"
	ProjectSection(ProjectDependencies) = postProject
		{02EFE104-181E-4B73-8CAE-DEE1A398650F} = {02EFE104-181E-4B73-8CAE-DEE1A398650F}
		{8F57EF1E-46FD-4B9F-924A-6C9C42A9EAAA} = {8F57EF1E-46FD-4B9F-924A-6C9C42A9EAAA}
	EndProjectSection
EndProject
Project("{8BC9CEB8-8B4A-11D0-8D11-00A0C91BC942}") = "ApduCmdTest", "ApduCmdTest\ApduCmdTest.vcxproj", "{8BB8DABB-EBFE-4EEA-BDCE-03F2D26C172B}"
EndProject
Project("{8BC9CEB8-8B4A-11D0-8D11-00A0C91BC942}") = "Authencation", "Authencation\Authencation.vcxproj", "{02EFE104-181E-4B73-8CAE-DEE1A398650F}"
EndProject
Project("{8BC9CEB8-8B4A-11D0-8D11-00A0C91BC942}") = "DataParse", "DataParse\DataParse.vcxproj", "{E84D2073-E8DB-42DF-A15A-F18B426AB4F8}"
EndProject
Project("{8BC9CEB8-8B4A-11D0-8D11-00A0C91BC942}") = "DataParseTest", "DataParseTest\DataParseTest.vcxproj", "{3484C8B1-5DF8-4F29-9A99-4749FE08345E}"
	ProjectSection(ProjectDependencies) = postProject
		{E84D2073-E8DB-42DF-A15A-F18B426AB4F8} = {E84D2073-E8DB-42DF-A15A-F18B426AB4F8}
	EndProjectSection
EndProject
Project("{8BC9CEB8-8B4A-11D0-8D11-00A0C91BC942}") = "UtilTest", "UtilTest\UtilTest.vcxproj", "{92B5CD54-B9E0-4FFA-BF4E-BDA25A8F1181}"
	ProjectSection(ProjectDependencies) = postProject
		{6C158251-C843-41FE-8B64-5926DFCD2411} = {6C158251-C843-41FE-8B64-5926DFCD2411}
	EndProjectSection
EndProject
Project("{8BC9CEB8-8B4A-11D0-8D11-00A0C91BC942}") = "PbocTest", "PbocTest\PbocTest.vcxproj", "{50973624-5FCD-433F-8AE5-FA9F5230AB2F}"
	ProjectSection(ProjectDependencies) = postProject
		{02EFE104-181E-4B73-8CAE-DEE1A398650F} = {02EFE104-181E-4B73-8CAE-DEE1A398650F}
		{6C158251-C843-41FE-8B64-5926DFCD2411} = {6C158251-C843-41FE-8B64-5926DFCD2411}
		{E84D2073-E8DB-42DF-A15A-F18B426AB4F8} = {E84D2073-E8DB-42DF-A15A-F18B426AB4F8}
		{0C9661B0-0F06-4F3C-AD36-F5650F60812F} = {0C9661B0-0F06-4F3C-AD36-F5650F60812F}
		{56BB62BE-70AF-4389-AED5-D6CE777ADAE9} = {56BB62BE-70AF-4389-AED5-D6CE777ADAE9}
	EndProjectSection
EndProject
Project("{8BC9CEB8-8B4A-11D0-8D11-00A0C91BC942}") = "PersonalizedTest", "PersonalizedTest\PersonalizedTest.vcxproj", "{F532E008-F47B-48C1-9F6C-26845F784145}"
	ProjectSection(ProjectDependencies) = postProject
		{0E85CB25-097A-42CE-BC0E-1512BB6AA07A} = {0E85CB25-097A-42CE-BC0E-1512BB6AA07A}
		{ADCCA255-8163-4939-9DE7-F5CBC4F801D1} = {ADCCA255-8163-4939-9DE7-F5CBC4F801D1}
		{F0920F78-6936-4119-B9C0-5E4BEC46A01B} = {F0920F78-6936-4119-B9C0-5E4BEC46A01B}
		{BBB70DB2-5F1F-45CE-BF6E-8D944D7FF327} = {BBB70DB2-5F1F-45CE-BF6E-8D944D7FF327}
	EndProjectSection
EndProject
Project("{8BC9CEB8-8B4A-11D0-8D11-00A0C91BC942}") = "DpParse", "DpParse\DpParse.vcxproj", "{ADCCA255-8163-4939-9DE7-F5CBC4F801D1}"
EndProject
Project("{8BC9CEB8-8B4A-11D0-8D11-00A0C91BC942}") = "DpParse_DXT", "DpParse_DXT\DpParse_DXT.vcxproj", "{0E85CB25-097A-42CE-BC0E-1512BB6AA07A}"
	ProjectSection(ProjectDependencies) = postProject
		{ADCCA255-8163-4939-9DE7-F5CBC4F801D1} = {ADCCA255-8163-4939-9DE7-F5CBC4F801D1}
	EndProjectSection
EndProject
Project("{8BC9CEB8-8B4A-11D0-8D11-00A0C91BC942}") = "DpParse_ZJ_TL", "DpParse_ZJ_TL\DpParse_ZJ_TL.vcxproj", "{BBB70DB2-5F1F-45CE-BF6E-8D944D7FF327}"
EndProject
Project("{888888A0-9F3D-457C-B088-3A5042F75D52}") = "PyScript", "PyScript\PyScript.pyproj", "{6EF928FF-7E24-4F6A-A745-CD29F3D5C544}"
EndProject
Global
	GlobalSection(SolutionConfigurationPlatforms) = preSolution
		Debug|Any CPU = Debug|Any CPU
		Debug|x64 = Debug|x64
		Debug|x86 = Debug|x86
		Release|Any CPU = Release|Any CPU
		Release|x64 = Release|x64
		Release|x86 = Release|x86
		UnicodeDebug|Any CPU = UnicodeDebug|Any CPU
		UnicodeDebug|x64 = UnicodeDebug|x64
		UnicodeDebug|x86 = UnicodeDebug|x86
		UnicodeRelease|Any CPU = UnicodeRelease|Any CPU
		UnicodeRelease|x64 = UnicodeRelease|x64
		UnicodeRelease|x86 = UnicodeRelease|x86
	EndGlobalSection
	GlobalSection(ProjectConfigurationPlatforms) = postSolution
		{C5EEA673-FBC8-447B-8865-119256F0E332}.Debug|Any CPU.ActiveCfg = Debug|Win32
		{C5EEA673-FBC8-447B-8865-119256F0E332}.Debug|x64.ActiveCfg = Debug|x64
		{C5EEA673-FBC8-447B-8865-119256F0E332}.Debug|x64.Build.0 = Debug|x64
		{C5EEA673-FBC8-447B-8865-119256F0E332}.Debug|x86.ActiveCfg = Debug|Win32
		{C5EEA673-FBC8-447B-8865-119256F0E332}.Debug|x86.Build.0 = Debug|Win32
		{C5EEA673-FBC8-447B-8865-119256F0E332}.Release|Any CPU.ActiveCfg = Release|Win32
		{C5EEA673-FBC8-447B-8865-119256F0E332}.Release|x64.ActiveCfg = Release|x64
		{C5EEA673-FBC8-447B-8865-119256F0E332}.Release|x64.Build.0 = Release|x64
		{C5EEA673-FBC8-447B-8865-119256F0E332}.Release|x86.ActiveCfg = Release|Win32
		{C5EEA673-FBC8-447B-8865-119256F0E332}.Release|x86.Build.0 = Release|Win32
		{C5EEA673-FBC8-447B-8865-119256F0E332}.UnicodeDebug|Any CPU.ActiveCfg = Release|Win32
		{C5EEA673-FBC8-447B-8865-119256F0E332}.UnicodeDebug|Any CPU.Build.0 = Release|Win32
		{C5EEA673-FBC8-447B-8865-119256F0E332}.UnicodeDebug|Any CPU.Deploy.0 = Release|Win32
		{C5EEA673-FBC8-447B-8865-119256F0E332}.UnicodeDebug|x64.ActiveCfg = Debug|x64
		{C5EEA673-FBC8-447B-8865-119256F0E332}.UnicodeDebug|x64.Build.0 = Debug|x64
		{C5EEA673-FBC8-447B-8865-119256F0E332}.UnicodeDebug|x86.ActiveCfg = Debug|Win32
		{C5EEA673-FBC8-447B-8865-119256F0E332}.UnicodeDebug|x86.Build.0 = Debug|Win32
		{C5EEA673-FBC8-447B-8865-119256F0E332}.UnicodeRelease|Any CPU.ActiveCfg = Release|Win32
		{C5EEA673-FBC8-447B-8865-119256F0E332}.UnicodeRelease|Any CPU.Build.0 = Release|Win32
		{C5EEA673-FBC8-447B-8865-119256F0E332}.UnicodeRelease|Any CPU.Deploy.0 = Release|Win32
		{C5EEA673-FBC8-447B-8865-119256F0E332}.UnicodeRelease|x64.ActiveCfg = Release|x64
		{C5EEA673-FBC8-447B-8865-119256F0E332}.UnicodeRelease|x64.Build.0 = Release|x64
		{C5EEA673-FBC8-447B-8865-119256F0E332}.UnicodeRelease|x86.ActiveCfg = Release|Win32
		{C5EEA673-FBC8-447B-8865-119256F0E332}.UnicodeRelease|x86.Build.0 = Release|Win32
		{74935E36-7407-42F7-941E-D37D583C0FE7}.Debug|Any CPU.ActiveCfg = Debug|Win32
		{74935E36-7407-42F7-941E-D37D583C0FE7}.Debug|x64.ActiveCfg = Debug|Win32
		{74935E36-7407-42F7-941E-D37D583C0FE7}.Debug|x86.ActiveCfg = Debug|Win32
		{74935E36-7407-42F7-941E-D37D583C0FE7}.Debug|x86.Build.0 = Debug|Win32
		{74935E36-7407-42F7-941E-D37D583C0FE7}.Release|Any CPU.ActiveCfg = Release|Win32
		{74935E36-7407-42F7-941E-D37D583C0FE7}.Release|x64.ActiveCfg = Release|Win32
		{74935E36-7407-42F7-941E-D37D583C0FE7}.Release|x86.ActiveCfg = Release|Win32
		{74935E36-7407-42F7-941E-D37D583C0FE7}.Release|x86.Build.0 = Release|Win32
		{74935E36-7407-42F7-941E-D37D583C0FE7}.UnicodeDebug|Any CPU.ActiveCfg = Release|Win32
		{74935E36-7407-42F7-941E-D37D583C0FE7}.UnicodeDebug|Any CPU.Build.0 = Release|Win32
		{74935E36-7407-42F7-941E-D37D583C0FE7}.UnicodeDebug|Any CPU.Deploy.0 = Release|Win32
		{74935E36-7407-42F7-941E-D37D583C0FE7}.UnicodeDebug|x64.ActiveCfg = Release|Win32
		{74935E36-7407-42F7-941E-D37D583C0FE7}.UnicodeDebug|x64.Build.0 = Release|Win32
		{74935E36-7407-42F7-941E-D37D583C0FE7}.UnicodeDebug|x86.ActiveCfg = Debug|Win32
		{74935E36-7407-42F7-941E-D37D583C0FE7}.UnicodeDebug|x86.Build.0 = Debug|Win32
		{74935E36-7407-42F7-941E-D37D583C0FE7}.UnicodeRelease|Any CPU.ActiveCfg = Release|Win32
		{74935E36-7407-42F7-941E-D37D583C0FE7}.UnicodeRelease|Any CPU.Build.0 = Release|Win32
		{74935E36-7407-42F7-941E-D37D583C0FE7}.UnicodeRelease|Any CPU.Deploy.0 = Release|Win32
		{74935E36-7407-42F7-941E-D37D583C0FE7}.UnicodeRelease|x64.ActiveCfg = Release|Win32
		{74935E36-7407-42F7-941E-D37D583C0FE7}.UnicodeRelease|x64.Build.0 = Release|Win32
		{74935E36-7407-42F7-941E-D37D583C0FE7}.UnicodeRelease|x86.ActiveCfg = Release|Win32
		{74935E36-7407-42F7-941E-D37D583C0FE7}.UnicodeRelease|x86.Build.0 = Release|Win32
		{0C9661B0-0F06-4F3C-AD36-F5650F60812F}.Debug|Any CPU.ActiveCfg = Debug|Win32
		{0C9661B0-0F06-4F3C-AD36-F5650F60812F}.Debug|x64.ActiveCfg = Debug|x64
		{0C9661B0-0F06-4F3C-AD36-F5650F60812F}.Debug|x64.Build.0 = Debug|x64
		{0C9661B0-0F06-4F3C-AD36-F5650F60812F}.Debug|x86.ActiveCfg = Debug|Win32
		{0C9661B0-0F06-4F3C-AD36-F5650F60812F}.Debug|x86.Build.0 = Debug|Win32
		{0C9661B0-0F06-4F3C-AD36-F5650F60812F}.Release|Any CPU.ActiveCfg = Release|Win32
		{0C9661B0-0F06-4F3C-AD36-F5650F60812F}.Release|x64.ActiveCfg = Release|x64
		{0C9661B0-0F06-4F3C-AD36-F5650F60812F}.Release|x64.Build.0 = Release|x64
		{0C9661B0-0F06-4F3C-AD36-F5650F60812F}.Release|x86.ActiveCfg = Release|Win32
		{0C9661B0-0F06-4F3C-AD36-F5650F60812F}.Release|x86.Build.0 = Release|Win32
		{0C9661B0-0F06-4F3C-AD36-F5650F60812F}.UnicodeDebug|Any CPU.ActiveCfg = Release|Win32
		{0C9661B0-0F06-4F3C-AD36-F5650F60812F}.UnicodeDebug|Any CPU.Build.0 = Release|Win32
		{0C9661B0-0F06-4F3C-AD36-F5650F60812F}.UnicodeDebug|Any CPU.Deploy.0 = Release|Win32
		{0C9661B0-0F06-4F3C-AD36-F5650F60812F}.UnicodeDebug|x64.ActiveCfg = Debug|x64
		{0C9661B0-0F06-4F3C-AD36-F5650F60812F}.UnicodeDebug|x64.Build.0 = Debug|x64
		{0C9661B0-0F06-4F3C-AD36-F5650F60812F}.UnicodeDebug|x86.ActiveCfg = Debug|Win32
		{0C9661B0-0F06-4F3C-AD36-F5650F60812F}.UnicodeDebug|x86.Build.0 = Debug|Win32
		{0C9661B0-0F06-4F3C-AD36-F5650F60812F}.UnicodeRelease|Any CPU.ActiveCfg = Release|Win32
		{0C9661B0-0F06-4F3C-AD36-F5650F60812F}.UnicodeRelease|Any CPU.Build.0 = Release|Win32
		{0C9661B0-0F06-4F3C-AD36-F5650F60812F}.UnicodeRelease|Any CPU.Deploy.0 = Release|Win32
		{0C9661B0-0F06-4F3C-AD36-F5650F60812F}.UnicodeRelease|x64.ActiveCfg = Release|x64
		{0C9661B0-0F06-4F3C-AD36-F5650F60812F}.UnicodeRelease|x64.Build.0 = Release|x64
		{0C9661B0-0F06-4F3C-AD36-F5650F60812F}.UnicodeRelease|x86.ActiveCfg = Release|Win32
		{0C9661B0-0F06-4F3C-AD36-F5650F60812F}.UnicodeRelease|x86.Build.0 = Release|Win32
		{56BB62BE-70AF-4389-AED5-D6CE777ADAE9}.Debug|Any CPU.ActiveCfg = Debug|Win32
		{56BB62BE-70AF-4389-AED5-D6CE777ADAE9}.Debug|x64.ActiveCfg = Debug|x64
		{56BB62BE-70AF-4389-AED5-D6CE777ADAE9}.Debug|x64.Build.0 = Debug|x64
		{56BB62BE-70AF-4389-AED5-D6CE777ADAE9}.Debug|x86.ActiveCfg = Debug|Win32
		{56BB62BE-70AF-4389-AED5-D6CE777ADAE9}.Debug|x86.Build.0 = Debug|Win32
		{56BB62BE-70AF-4389-AED5-D6CE777ADAE9}.Debug|x86.Deploy.0 = Debug|Win32
		{56BB62BE-70AF-4389-AED5-D6CE777ADAE9}.Release|Any CPU.ActiveCfg = Release|Win32
		{56BB62BE-70AF-4389-AED5-D6CE777ADAE9}.Release|x64.ActiveCfg = Release|x64
		{56BB62BE-70AF-4389-AED5-D6CE777ADAE9}.Release|x64.Build.0 = Release|x64
		{56BB62BE-70AF-4389-AED5-D6CE777ADAE9}.Release|x86.ActiveCfg = Release|Win32
		{56BB62BE-70AF-4389-AED5-D6CE777ADAE9}.Release|x86.Build.0 = Release|Win32
		{56BB62BE-70AF-4389-AED5-D6CE777ADAE9}.UnicodeDebug|Any CPU.ActiveCfg = Release|Win32
		{56BB62BE-70AF-4389-AED5-D6CE777ADAE9}.UnicodeDebug|Any CPU.Build.0 = Release|Win32
		{56BB62BE-70AF-4389-AED5-D6CE777ADAE9}.UnicodeDebug|Any CPU.Deploy.0 = Release|Win32
		{56BB62BE-70AF-4389-AED5-D6CE777ADAE9}.UnicodeDebug|x64.ActiveCfg = Debug|x64
		{56BB62BE-70AF-4389-AED5-D6CE777ADAE9}.UnicodeDebug|x64.Build.0 = Debug|x64
		{56BB62BE-70AF-4389-AED5-D6CE777ADAE9}.UnicodeDebug|x86.ActiveCfg = Debug|Win32
		{56BB62BE-70AF-4389-AED5-D6CE777ADAE9}.UnicodeDebug|x86.Build.0 = Debug|Win32
		{56BB62BE-70AF-4389-AED5-D6CE777ADAE9}.UnicodeRelease|Any CPU.ActiveCfg = Release|Win32
		{56BB62BE-70AF-4389-AED5-D6CE777ADAE9}.UnicodeRelease|Any CPU.Build.0 = Release|Win32
		{56BB62BE-70AF-4389-AED5-D6CE777ADAE9}.UnicodeRelease|Any CPU.Deploy.0 = Release|Win32
		{56BB62BE-70AF-4389-AED5-D6CE777ADAE9}.UnicodeRelease|x64.ActiveCfg = Release|x64
		{56BB62BE-70AF-4389-AED5-D6CE777ADAE9}.UnicodeRelease|x64.Build.0 = Release|x64
		{56BB62BE-70AF-4389-AED5-D6CE777ADAE9}.UnicodeRelease|x86.ActiveCfg = Release|Win32
		{56BB62BE-70AF-4389-AED5-D6CE777ADAE9}.UnicodeRelease|x86.Build.0 = Release|Win32
		{FE8F3565-F5A3-4F14-A7C1-0AB404046248}.Debug|Any CPU.ActiveCfg = Debug|Win32
		{FE8F3565-F5A3-4F14-A7C1-0AB404046248}.Debug|x64.ActiveCfg = Debug|x64
		{FE8F3565-F5A3-4F14-A7C1-0AB404046248}.Debug|x64.Build.0 = Debug|x64
		{FE8F3565-F5A3-4F14-A7C1-0AB404046248}.Debug|x86.ActiveCfg = Debug|Win32
		{FE8F3565-F5A3-4F14-A7C1-0AB404046248}.Debug|x86.Build.0 = Debug|Win32
		{FE8F3565-F5A3-4F14-A7C1-0AB404046248}.Release|Any CPU.ActiveCfg = Release|Win32
		{FE8F3565-F5A3-4F14-A7C1-0AB404046248}.Release|x64.ActiveCfg = Release|x64
		{FE8F3565-F5A3-4F14-A7C1-0AB404046248}.Release|x64.Build.0 = Release|x64
		{FE8F3565-F5A3-4F14-A7C1-0AB404046248}.Release|x86.ActiveCfg = Release|Win32
		{FE8F3565-F5A3-4F14-A7C1-0AB404046248}.Release|x86.Build.0 = Release|Win32
		{FE8F3565-F5A3-4F14-A7C1-0AB404046248}.UnicodeDebug|Any CPU.ActiveCfg = Release|Win32
		{FE8F3565-F5A3-4F14-A7C1-0AB404046248}.UnicodeDebug|Any CPU.Build.0 = Release|Win32
		{FE8F3565-F5A3-4F14-A7C1-0AB404046248}.UnicodeDebug|Any CPU.Deploy.0 = Release|Win32
		{FE8F3565-F5A3-4F14-A7C1-0AB404046248}.UnicodeDebug|x64.ActiveCfg = Debug|x64
		{FE8F3565-F5A3-4F14-A7C1-0AB404046248}.UnicodeDebug|x64.Build.0 = Debug|x64
		{FE8F3565-F5A3-4F14-A7C1-0AB404046248}.UnicodeDebug|x86.ActiveCfg = Debug|Win32
		{FE8F3565-F5A3-4F14-A7C1-0AB404046248}.UnicodeDebug|x86.Build.0 = Debug|Win32
		{FE8F3565-F5A3-4F14-A7C1-0AB404046248}.UnicodeRelease|Any CPU.ActiveCfg = Release|Win32
		{FE8F3565-F5A3-4F14-A7C1-0AB404046248}.UnicodeRelease|Any CPU.Build.0 = Release|Win32
		{FE8F3565-F5A3-4F14-A7C1-0AB404046248}.UnicodeRelease|Any CPU.Deploy.0 = Release|Win32
		{FE8F3565-F5A3-4F14-A7C1-0AB404046248}.UnicodeRelease|x64.ActiveCfg = Release|x64
		{FE8F3565-F5A3-4F14-A7C1-0AB404046248}.UnicodeRelease|x64.Build.0 = Release|x64
		{FE8F3565-F5A3-4F14-A7C1-0AB404046248}.UnicodeRelease|x86.ActiveCfg = Release|Win32
		{FE8F3565-F5A3-4F14-A7C1-0AB404046248}.UnicodeRelease|x86.Build.0 = Release|Win32
		{034F84C1-331C-46DF-A8D6-55441F8C270E}.Debug|Any CPU.ActiveCfg = Debug|Win32
		{034F84C1-331C-46DF-A8D6-55441F8C270E}.Debug|x64.ActiveCfg = Debug|x64
		{034F84C1-331C-46DF-A8D6-55441F8C270E}.Debug|x64.Build.0 = Debug|x64
		{034F84C1-331C-46DF-A8D6-55441F8C270E}.Debug|x86.ActiveCfg = Debug|Win32
		{034F84C1-331C-46DF-A8D6-55441F8C270E}.Debug|x86.Build.0 = Debug|Win32
		{034F84C1-331C-46DF-A8D6-55441F8C270E}.Release|Any CPU.ActiveCfg = Release|Win32
		{034F84C1-331C-46DF-A8D6-55441F8C270E}.Release|x64.ActiveCfg = Release|x64
		{034F84C1-331C-46DF-A8D6-55441F8C270E}.Release|x64.Build.0 = Release|x64
		{034F84C1-331C-46DF-A8D6-55441F8C270E}.Release|x86.ActiveCfg = Release|Win32
		{034F84C1-331C-46DF-A8D6-55441F8C270E}.Release|x86.Build.0 = Release|Win32
		{034F84C1-331C-46DF-A8D6-55441F8C270E}.UnicodeDebug|Any CPU.ActiveCfg = Release|Win32
		{034F84C1-331C-46DF-A8D6-55441F8C270E}.UnicodeDebug|Any CPU.Build.0 = Release|Win32
		{034F84C1-331C-46DF-A8D6-55441F8C270E}.UnicodeDebug|Any CPU.Deploy.0 = Release|Win32
		{034F84C1-331C-46DF-A8D6-55441F8C270E}.UnicodeDebug|x64.ActiveCfg = Debug|x64
		{034F84C1-331C-46DF-A8D6-55441F8C270E}.UnicodeDebug|x64.Build.0 = Debug|x64
		{034F84C1-331C-46DF-A8D6-55441F8C270E}.UnicodeDebug|x86.ActiveCfg = Debug|Win32
		{034F84C1-331C-46DF-A8D6-55441F8C270E}.UnicodeDebug|x86.Build.0 = Debug|Win32
		{034F84C1-331C-46DF-A8D6-55441F8C270E}.UnicodeRelease|Any CPU.ActiveCfg = Release|Win32
		{034F84C1-331C-46DF-A8D6-55441F8C270E}.UnicodeRelease|Any CPU.Build.0 = Release|Win32
		{034F84C1-331C-46DF-A8D6-55441F8C270E}.UnicodeRelease|Any CPU.Deploy.0 = Release|Win32
		{034F84C1-331C-46DF-A8D6-55441F8C270E}.UnicodeRelease|x64.ActiveCfg = Release|x64
		{034F84C1-331C-46DF-A8D6-55441F8C270E}.UnicodeRelease|x64.Build.0 = Release|x64
		{034F84C1-331C-46DF-A8D6-55441F8C270E}.UnicodeRelease|x86.ActiveCfg = Release|Win32
		{034F84C1-331C-46DF-A8D6-55441F8C270E}.UnicodeRelease|x86.Build.0 = Release|Win32
		{0337BFCB-B119-4569-8D46-9E33C834BE0C}.Debug|Any CPU.ActiveCfg = Debug|Win32
		{0337BFCB-B119-4569-8D46-9E33C834BE0C}.Debug|x64.ActiveCfg = Debug|x64
		{0337BFCB-B119-4569-8D46-9E33C834BE0C}.Debug|x64.Build.0 = Debug|x64
		{0337BFCB-B119-4569-8D46-9E33C834BE0C}.Debug|x86.ActiveCfg = Debug|Win32
		{0337BFCB-B119-4569-8D46-9E33C834BE0C}.Debug|x86.Build.0 = Debug|Win32
		{0337BFCB-B119-4569-8D46-9E33C834BE0C}.Release|Any CPU.ActiveCfg = Release|Win32
		{0337BFCB-B119-4569-8D46-9E33C834BE0C}.Release|x64.ActiveCfg = Release|x64
		{0337BFCB-B119-4569-8D46-9E33C834BE0C}.Release|x64.Build.0 = Release|x64
		{0337BFCB-B119-4569-8D46-9E33C834BE0C}.Release|x86.ActiveCfg = Release|Win32
		{0337BFCB-B119-4569-8D46-9E33C834BE0C}.Release|x86.Build.0 = Release|Win32
		{0337BFCB-B119-4569-8D46-9E33C834BE0C}.UnicodeDebug|Any CPU.ActiveCfg = Release|Win32
		{0337BFCB-B119-4569-8D46-9E33C834BE0C}.UnicodeDebug|Any CPU.Build.0 = Release|Win32
		{0337BFCB-B119-4569-8D46-9E33C834BE0C}.UnicodeDebug|Any CPU.Deploy.0 = Release|Win32
		{0337BFCB-B119-4569-8D46-9E33C834BE0C}.UnicodeDebug|x64.ActiveCfg = Debug|x64
		{0337BFCB-B119-4569-8D46-9E33C834BE0C}.UnicodeDebug|x64.Build.0 = Debug|x64
		{0337BFCB-B119-4569-8D46-9E33C834BE0C}.UnicodeDebug|x86.ActiveCfg = Debug|Win32
		{0337BFCB-B119-4569-8D46-9E33C834BE0C}.UnicodeDebug|x86.Build.0 = Debug|Win32
		{0337BFCB-B119-4569-8D46-9E33C834BE0C}.UnicodeRelease|Any CPU.ActiveCfg = Release|Win32
		{0337BFCB-B119-4569-8D46-9E33C834BE0C}.UnicodeRelease|Any CPU.Build.0 = Release|Win32
		{0337BFCB-B119-4569-8D46-9E33C834BE0C}.UnicodeRelease|Any CPU.Deploy.0 = Release|Win32
		{0337BFCB-B119-4569-8D46-9E33C834BE0C}.UnicodeRelease|x64.ActiveCfg = Release|x64
		{0337BFCB-B119-4569-8D46-9E33C834BE0C}.UnicodeRelease|x64.Build.0 = Release|x64
		{0337BFCB-B119-4569-8D46-9E33C834BE0C}.UnicodeRelease|x86.ActiveCfg = Release|Win32
		{0337BFCB-B119-4569-8D46-9E33C834BE0C}.UnicodeRelease|x86.Build.0 = Release|Win32
		{8F57EF1E-46FD-4B9F-924A-6C9C42A9EAAA}.Debug|Any CPU.ActiveCfg = Debug|Win32
		{8F57EF1E-46FD-4B9F-924A-6C9C42A9EAAA}.Debug|x64.ActiveCfg = Debug|x64
		{8F57EF1E-46FD-4B9F-924A-6C9C42A9EAAA}.Debug|x64.Build.0 = Debug|x64
		{8F57EF1E-46FD-4B9F-924A-6C9C42A9EAAA}.Debug|x86.ActiveCfg = Debug|Win32
		{8F57EF1E-46FD-4B9F-924A-6C9C42A9EAAA}.Debug|x86.Build.0 = Debug|Win32
		{8F57EF1E-46FD-4B9F-924A-6C9C42A9EAAA}.Release|Any CPU.ActiveCfg = Release|Win32
		{8F57EF1E-46FD-4B9F-924A-6C9C42A9EAAA}.Release|x64.ActiveCfg = Release|x64
		{8F57EF1E-46FD-4B9F-924A-6C9C42A9EAAA}.Release|x64.Build.0 = Release|x64
		{8F57EF1E-46FD-4B9F-924A-6C9C42A9EAAA}.Release|x86.ActiveCfg = Release|Win32
		{8F57EF1E-46FD-4B9F-924A-6C9C42A9EAAA}.Release|x86.Build.0 = Release|Win32
		{8F57EF1E-46FD-4B9F-924A-6C9C42A9EAAA}.UnicodeDebug|Any CPU.ActiveCfg = Release|Win32
		{8F57EF1E-46FD-4B9F-924A-6C9C42A9EAAA}.UnicodeDebug|Any CPU.Build.0 = Release|Win32
		{8F57EF1E-46FD-4B9F-924A-6C9C42A9EAAA}.UnicodeDebug|Any CPU.Deploy.0 = Release|Win32
		{8F57EF1E-46FD-4B9F-924A-6C9C42A9EAAA}.UnicodeDebug|x64.ActiveCfg = Debug|x64
		{8F57EF1E-46FD-4B9F-924A-6C9C42A9EAAA}.UnicodeDebug|x64.Build.0 = Debug|x64
		{8F57EF1E-46FD-4B9F-924A-6C9C42A9EAAA}.UnicodeDebug|x86.ActiveCfg = Debug|Win32
		{8F57EF1E-46FD-4B9F-924A-6C9C42A9EAAA}.UnicodeDebug|x86.Build.0 = Debug|Win32
		{8F57EF1E-46FD-4B9F-924A-6C9C42A9EAAA}.UnicodeRelease|Any CPU.ActiveCfg = Release|Win32
		{8F57EF1E-46FD-4B9F-924A-6C9C42A9EAAA}.UnicodeRelease|Any CPU.Build.0 = Release|Win32
		{8F57EF1E-46FD-4B9F-924A-6C9C42A9EAAA}.UnicodeRelease|Any CPU.Deploy.0 = Release|Win32
		{8F57EF1E-46FD-4B9F-924A-6C9C42A9EAAA}.UnicodeRelease|x64.ActiveCfg = Release|x64
		{8F57EF1E-46FD-4B9F-924A-6C9C42A9EAAA}.UnicodeRelease|x64.Build.0 = Release|x64
		{8F57EF1E-46FD-4B9F-924A-6C9C42A9EAAA}.UnicodeRelease|x86.ActiveCfg = Release|Win32
		{8F57EF1E-46FD-4B9F-924A-6C9C42A9EAAA}.UnicodeRelease|x86.Build.0 = Release|Win32
		{6C158251-C843-41FE-8B64-5926DFCD2411}.Debug|Any CPU.ActiveCfg = Debug|Win32
		{6C158251-C843-41FE-8B64-5926DFCD2411}.Debug|x64.ActiveCfg = Debug|x64
		{6C158251-C843-41FE-8B64-5926DFCD2411}.Debug|x64.Build.0 = Debug|x64
		{6C158251-C843-41FE-8B64-5926DFCD2411}.Debug|x86.ActiveCfg = Debug|Win32
		{6C158251-C843-41FE-8B64-5926DFCD2411}.Debug|x86.Build.0 = Debug|Win32
		{6C158251-C843-41FE-8B64-5926DFCD2411}.Release|Any CPU.ActiveCfg = Release|Win32
		{6C158251-C843-41FE-8B64-5926DFCD2411}.Release|x64.ActiveCfg = Release|x64
		{6C158251-C843-41FE-8B64-5926DFCD2411}.Release|x64.Build.0 = Release|x64
		{6C158251-C843-41FE-8B64-5926DFCD2411}.Release|x86.ActiveCfg = Release|Win32
		{6C158251-C843-41FE-8B64-5926DFCD2411}.Release|x86.Build.0 = Release|Win32
		{6C158251-C843-41FE-8B64-5926DFCD2411}.UnicodeDebug|Any CPU.ActiveCfg = Release|Win32
		{6C158251-C843-41FE-8B64-5926DFCD2411}.UnicodeDebug|Any CPU.Build.0 = Release|Win32
		{6C158251-C843-41FE-8B64-5926DFCD2411}.UnicodeDebug|Any CPU.Deploy.0 = Release|Win32
		{6C158251-C843-41FE-8B64-5926DFCD2411}.UnicodeDebug|x64.ActiveCfg = Debug|x64
		{6C158251-C843-41FE-8B64-5926DFCD2411}.UnicodeDebug|x64.Build.0 = Debug|x64
		{6C158251-C843-41FE-8B64-5926DFCD2411}.UnicodeDebug|x86.ActiveCfg = Debug|Win32
		{6C158251-C843-41FE-8B64-5926DFCD2411}.UnicodeDebug|x86.Build.0 = Debug|Win32
		{6C158251-C843-41FE-8B64-5926DFCD2411}.UnicodeRelease|Any CPU.ActiveCfg = Release|Win32
		{6C158251-C843-41FE-8B64-5926DFCD2411}.UnicodeRelease|Any CPU.Build.0 = Release|Win32
		{6C158251-C843-41FE-8B64-5926DFCD2411}.UnicodeRelease|Any CPU.Deploy.0 = Release|Win32
		{6C158251-C843-41FE-8B64-5926DFCD2411}.UnicodeRelease|x64.ActiveCfg = Release|x64
		{6C158251-C843-41FE-8B64-5926DFCD2411}.UnicodeRelease|x64.Build.0 = Release|x64
		{6C158251-C843-41FE-8B64-5926DFCD2411}.UnicodeRelease|x86.ActiveCfg = Release|Win32
		{6C158251-C843-41FE-8B64-5926DFCD2411}.UnicodeRelease|x86.Build.0 = Release|Win32
		{F0920F78-6936-4119-B9C0-5E4BEC46A01B}.Debug|Any CPU.ActiveCfg = Debug|Win32
		{F0920F78-6936-4119-B9C0-5E4BEC46A01B}.Debug|x64.ActiveCfg = Debug|x64
		{F0920F78-6936-4119-B9C0-5E4BEC46A01B}.Debug|x64.Build.0 = Debug|x64
		{F0920F78-6936-4119-B9C0-5E4BEC46A01B}.Debug|x86.ActiveCfg = Debug|Win32
		{F0920F78-6936-4119-B9C0-5E4BEC46A01B}.Debug|x86.Build.0 = Debug|Win32
		{F0920F78-6936-4119-B9C0-5E4BEC46A01B}.Release|Any CPU.ActiveCfg = Release|Win32
		{F0920F78-6936-4119-B9C0-5E4BEC46A01B}.Release|x64.ActiveCfg = Release|x64
		{F0920F78-6936-4119-B9C0-5E4BEC46A01B}.Release|x64.Build.0 = Release|x64
		{F0920F78-6936-4119-B9C0-5E4BEC46A01B}.Release|x86.ActiveCfg = Release|Win32
		{F0920F78-6936-4119-B9C0-5E4BEC46A01B}.Release|x86.Build.0 = Release|Win32
		{F0920F78-6936-4119-B9C0-5E4BEC46A01B}.UnicodeDebug|Any CPU.ActiveCfg = Release|Win32
		{F0920F78-6936-4119-B9C0-5E4BEC46A01B}.UnicodeDebug|Any CPU.Build.0 = Release|Win32
		{F0920F78-6936-4119-B9C0-5E4BEC46A01B}.UnicodeDebug|Any CPU.Deploy.0 = Release|Win32
		{F0920F78-6936-4119-B9C0-5E4BEC46A01B}.UnicodeDebug|x64.ActiveCfg = Debug|x64
		{F0920F78-6936-4119-B9C0-5E4BEC46A01B}.UnicodeDebug|x64.Build.0 = Debug|x64
		{F0920F78-6936-4119-B9C0-5E4BEC46A01B}.UnicodeDebug|x86.ActiveCfg = Debug|Win32
		{F0920F78-6936-4119-B9C0-5E4BEC46A01B}.UnicodeDebug|x86.Build.0 = Debug|Win32
		{F0920F78-6936-4119-B9C0-5E4BEC46A01B}.UnicodeRelease|Any CPU.ActiveCfg = Release|Win32
		{F0920F78-6936-4119-B9C0-5E4BEC46A01B}.UnicodeRelease|Any CPU.Build.0 = Release|Win32
		{F0920F78-6936-4119-B9C0-5E4BEC46A01B}.UnicodeRelease|Any CPU.Deploy.0 = Release|Win32
		{F0920F78-6936-4119-B9C0-5E4BEC46A01B}.UnicodeRelease|x64.ActiveCfg = Release|x64
		{F0920F78-6936-4119-B9C0-5E4BEC46A01B}.UnicodeRelease|x64.Build.0 = Release|x64
		{F0920F78-6936-4119-B9C0-5E4BEC46A01B}.UnicodeRelease|x86.ActiveCfg = Release|Win32
		{F0920F78-6936-4119-B9C0-5E4BEC46A01B}.UnicodeRelease|x86.Build.0 = Release|Win32
		{27080C4F-CD30-44E5-A613-EB8DE4C158CF}.Debug|Any CPU.ActiveCfg = Debug|Win32
		{27080C4F-CD30-44E5-A613-EB8DE4C158CF}.Debug|x64.ActiveCfg = Debug|x64
		{27080C4F-CD30-44E5-A613-EB8DE4C158CF}.Debug|x64.Build.0 = Debug|x64
		{27080C4F-CD30-44E5-A613-EB8DE4C158CF}.Debug|x86.ActiveCfg = Debug|Win32
		{27080C4F-CD30-44E5-A613-EB8DE4C158CF}.Debug|x86.Build.0 = Debug|Win32
		{27080C4F-CD30-44E5-A613-EB8DE4C158CF}.Release|Any CPU.ActiveCfg = Release|Win32
		{27080C4F-CD30-44E5-A613-EB8DE4C158CF}.Release|x64.ActiveCfg = Release|x64
		{27080C4F-CD30-44E5-A613-EB8DE4C158CF}.Release|x64.Build.0 = Release|x64
		{27080C4F-CD30-44E5-A613-EB8DE4C158CF}.Release|x86.ActiveCfg = Release|Win32
		{27080C4F-CD30-44E5-A613-EB8DE4C158CF}.Release|x86.Build.0 = Release|Win32
		{27080C4F-CD30-44E5-A613-EB8DE4C158CF}.UnicodeDebug|Any CPU.ActiveCfg = Release|Win32
		{27080C4F-CD30-44E5-A613-EB8DE4C158CF}.UnicodeDebug|Any CPU.Build.0 = Release|Win32
		{27080C4F-CD30-44E5-A613-EB8DE4C158CF}.UnicodeDebug|Any CPU.Deploy.0 = Release|Win32
		{27080C4F-CD30-44E5-A613-EB8DE4C158CF}.UnicodeDebug|x64.ActiveCfg = Debug|x64
		{27080C4F-CD30-44E5-A613-EB8DE4C158CF}.UnicodeDebug|x64.Build.0 = Debug|x64
		{27080C4F-CD30-44E5-A613-EB8DE4C158CF}.UnicodeDebug|x86.ActiveCfg = Debug|Win32
		{27080C4F-CD30-44E5-A613-EB8DE4C158CF}.UnicodeDebug|x86.Build.0 = Debug|Win32
		{27080C4F-CD30-44E5-A613-EB8DE4C158CF}.UnicodeRelease|Any CPU.ActiveCfg = Release|Win32
		{27080C4F-CD30-44E5-A613-EB8DE4C158CF}.UnicodeRelease|Any CPU.Build.0 = Release|Win32
		{27080C4F-CD30-44E5-A613-EB8DE4C158CF}.UnicodeRelease|Any CPU.Deploy.0 = Release|Win32
		{27080C4F-CD30-44E5-A613-EB8DE4C158CF}.UnicodeRelease|x64.ActiveCfg = Release|x64
		{27080C4F-CD30-44E5-A613-EB8DE4C158CF}.UnicodeRelease|x64.Build.0 = Release|x64
		{27080C4F-CD30-44E5-A613-EB8DE4C158CF}.UnicodeRelease|x86.ActiveCfg = Release|Win32
		{27080C4F-CD30-44E5-A613-EB8DE4C158CF}.UnicodeRelease|x86.Build.0 = Release|Win32
		{8BB8DABB-EBFE-4EEA-BDCE-03F2D26C172B}.Debug|Any CPU.ActiveCfg = Debug|Win32
		{8BB8DABB-EBFE-4EEA-BDCE-03F2D26C172B}.Debug|x64.ActiveCfg = Debug|x64
		{8BB8DABB-EBFE-4EEA-BDCE-03F2D26C172B}.Debug|x64.Build.0 = Debug|x64
		{8BB8DABB-EBFE-4EEA-BDCE-03F2D26C172B}.Debug|x86.ActiveCfg = Debug|Win32
		{8BB8DABB-EBFE-4EEA-BDCE-03F2D26C172B}.Debug|x86.Build.0 = Debug|Win32
		{8BB8DABB-EBFE-4EEA-BDCE-03F2D26C172B}.Release|Any CPU.ActiveCfg = Release|Win32
		{8BB8DABB-EBFE-4EEA-BDCE-03F2D26C172B}.Release|x64.ActiveCfg = Release|x64
		{8BB8DABB-EBFE-4EEA-BDCE-03F2D26C172B}.Release|x64.Build.0 = Release|x64
		{8BB8DABB-EBFE-4EEA-BDCE-03F2D26C172B}.Release|x86.ActiveCfg = Release|Win32
		{8BB8DABB-EBFE-4EEA-BDCE-03F2D26C172B}.Release|x86.Build.0 = Release|Win32
		{8BB8DABB-EBFE-4EEA-BDCE-03F2D26C172B}.UnicodeDebug|Any CPU.ActiveCfg = Release|Win32
		{8BB8DABB-EBFE-4EEA-BDCE-03F2D26C172B}.UnicodeDebug|Any CPU.Build.0 = Release|Win32
		{8BB8DABB-EBFE-4EEA-BDCE-03F2D26C172B}.UnicodeDebug|Any CPU.Deploy.0 = Release|Win32
		{8BB8DABB-EBFE-4EEA-BDCE-03F2D26C172B}.UnicodeDebug|x64.ActiveCfg = Debug|x64
		{8BB8DABB-EBFE-4EEA-BDCE-03F2D26C172B}.UnicodeDebug|x64.Build.0 = Debug|x64
		{8BB8DABB-EBFE-4EEA-BDCE-03F2D26C172B}.UnicodeDebug|x86.ActiveCfg = Debug|Win32
		{8BB8DABB-EBFE-4EEA-BDCE-03F2D26C172B}.UnicodeDebug|x86.Build.0 = Debug|Win32
		{8BB8DABB-EBFE-4EEA-BDCE-03F2D26C172B}.UnicodeRelease|Any CPU.ActiveCfg = Release|Win32
		{8BB8DABB-EBFE-4EEA-BDCE-03F2D26C172B}.UnicodeRelease|Any CPU.Build.0 = Release|Win32
		{8BB8DABB-EBFE-4EEA-BDCE-03F2D26C172B}.UnicodeRelease|Any CPU.Deploy.0 = Release|Win32
		{8BB8DABB-EBFE-4EEA-BDCE-03F2D26C172B}.UnicodeRelease|x64.ActiveCfg = Release|x64
		{8BB8DABB-EBFE-4EEA-BDCE-03F2D26C172B}.UnicodeRelease|x64.Build.0 = Release|x64
		{8BB8DABB-EBFE-4EEA-BDCE-03F2D26C172B}.UnicodeRelease|x86.ActiveCfg = Release|Win32
		{8BB8DABB-EBFE-4EEA-BDCE-03F2D26C172B}.UnicodeRelease|x86.Build.0 = Release|Win32
		{02EFE104-181E-4B73-8CAE-DEE1A398650F}.Debug|Any CPU.ActiveCfg = Debug|Win32
		{02EFE104-181E-4B73-8CAE-DEE1A398650F}.Debug|x64.ActiveCfg = Debug|x64
		{02EFE104-181E-4B73-8CAE-DEE1A398650F}.Debug|x64.Build.0 = Debug|x64
		{02EFE104-181E-4B73-8CAE-DEE1A398650F}.Debug|x86.ActiveCfg = Debug|Win32
		{02EFE104-181E-4B73-8CAE-DEE1A398650F}.Debug|x86.Build.0 = Debug|Win32
		{02EFE104-181E-4B73-8CAE-DEE1A398650F}.Release|Any CPU.ActiveCfg = Release|Win32
		{02EFE104-181E-4B73-8CAE-DEE1A398650F}.Release|x64.ActiveCfg = Release|x64
		{02EFE104-181E-4B73-8CAE-DEE1A398650F}.Release|x64.Build.0 = Release|x64
		{02EFE104-181E-4B73-8CAE-DEE1A398650F}.Release|x86.ActiveCfg = Release|Win32
		{02EFE104-181E-4B73-8CAE-DEE1A398650F}.Release|x86.Build.0 = Release|Win32
		{02EFE104-181E-4B73-8CAE-DEE1A398650F}.UnicodeDebug|Any CPU.ActiveCfg = Release|Win32
		{02EFE104-181E-4B73-8CAE-DEE1A398650F}.UnicodeDebug|Any CPU.Build.0 = Release|Win32
		{02EFE104-181E-4B73-8CAE-DEE1A398650F}.UnicodeDebug|Any CPU.Deploy.0 = Release|Win32
		{02EFE104-181E-4B73-8CAE-DEE1A398650F}.UnicodeDebug|x64.ActiveCfg = Debug|x64
		{02EFE104-181E-4B73-8CAE-DEE1A398650F}.UnicodeDebug|x64.Build.0 = Debug|x64
		{02EFE104-181E-4B73-8CAE-DEE1A398650F}.UnicodeDebug|x86.ActiveCfg = Debug|Win32
		{02EFE104-181E-4B73-8CAE-DEE1A398650F}.UnicodeDebug|x86.Build.0 = Debug|Win32
		{02EFE104-181E-4B73-8CAE-DEE1A398650F}.UnicodeRelease|Any CPU.ActiveCfg = Release|Win32
		{02EFE104-181E-4B73-8CAE-DEE1A398650F}.UnicodeRelease|Any CPU.Build.0 = Release|Win32
		{02EFE104-181E-4B73-8CAE-DEE1A398650F}.UnicodeRelease|Any CPU.Deploy.0 = Release|Win32
		{02EFE104-181E-4B73-8CAE-DEE1A398650F}.UnicodeRelease|x64.ActiveCfg = Release|x64
		{02EFE104-181E-4B73-8CAE-DEE1A398650F}.UnicodeRelease|x64.Build.0 = Release|x64
		{02EFE104-181E-4B73-8CAE-DEE1A398650F}.UnicodeRelease|x86.ActiveCfg = Release|Win32
		{02EFE104-181E-4B73-8CAE-DEE1A398650F}.UnicodeRelease|x86.Build.0 = Release|Win32
		{E84D2073-E8DB-42DF-A15A-F18B426AB4F8}.Debug|Any CPU.ActiveCfg = Debug|Win32
		{E84D2073-E8DB-42DF-A15A-F18B426AB4F8}.Debug|x64.ActiveCfg = Debug|x64
		{E84D2073-E8DB-42DF-A15A-F18B426AB4F8}.Debug|x64.Build.0 = Debug|x64
		{E84D2073-E8DB-42DF-A15A-F18B426AB4F8}.Debug|x86.ActiveCfg = Debug|Win32
		{E84D2073-E8DB-42DF-A15A-F18B426AB4F8}.Debug|x86.Build.0 = Debug|Win32
		{E84D2073-E8DB-42DF-A15A-F18B426AB4F8}.Release|Any CPU.ActiveCfg = Release|Win32
		{E84D2073-E8DB-42DF-A15A-F18B426AB4F8}.Release|x64.ActiveCfg = Release|x64
		{E84D2073-E8DB-42DF-A15A-F18B426AB4F8}.Release|x64.Build.0 = Release|x64
		{E84D2073-E8DB-42DF-A15A-F18B426AB4F8}.Release|x86.ActiveCfg = Release|Win32
		{E84D2073-E8DB-42DF-A15A-F18B426AB4F8}.Release|x86.Build.0 = Release|Win32
		{E84D2073-E8DB-42DF-A15A-F18B426AB4F8}.UnicodeDebug|Any CPU.ActiveCfg = Release|Win32
		{E84D2073-E8DB-42DF-A15A-F18B426AB4F8}.UnicodeDebug|Any CPU.Build.0 = Release|Win32
		{E84D2073-E8DB-42DF-A15A-F18B426AB4F8}.UnicodeDebug|Any CPU.Deploy.0 = Release|Win32
		{E84D2073-E8DB-42DF-A15A-F18B426AB4F8}.UnicodeDebug|x64.ActiveCfg = Debug|x64
		{E84D2073-E8DB-42DF-A15A-F18B426AB4F8}.UnicodeDebug|x64.Build.0 = Debug|x64
		{E84D2073-E8DB-42DF-A15A-F18B426AB4F8}.UnicodeDebug|x86.ActiveCfg = Debug|Win32
		{E84D2073-E8DB-42DF-A15A-F18B426AB4F8}.UnicodeDebug|x86.Build.0 = Debug|Win32
		{E84D2073-E8DB-42DF-A15A-F18B426AB4F8}.UnicodeRelease|Any CPU.ActiveCfg = Release|Win32
		{E84D2073-E8DB-42DF-A15A-F18B426AB4F8}.UnicodeRelease|Any CPU.Build.0 = Release|Win32
		{E84D2073-E8DB-42DF-A15A-F18B426AB4F8}.UnicodeRelease|Any CPU.Deploy.0 = Release|Win32
		{E84D2073-E8DB-42DF-A15A-F18B426AB4F8}.UnicodeRelease|x64.ActiveCfg = Release|x64
		{E84D2073-E8DB-42DF-A15A-F18B426AB4F8}.UnicodeRelease|x64.Build.0 = Release|x64
		{E84D2073-E8DB-42DF-A15A-F18B426AB4F8}.UnicodeRelease|x86.ActiveCfg = Release|Win32
		{E84D2073-E8DB-42DF-A15A-F18B426AB4F8}.UnicodeRelease|x86.Build.0 = Release|Win32
		{3484C8B1-5DF8-4F29-9A99-4749FE08345E}.Debug|Any CPU.ActiveCfg = Debug|Win32
		{3484C8B1-5DF8-4F29-9A99-4749FE08345E}.Debug|x64.ActiveCfg = Debug|x64
		{3484C8B1-5DF8-4F29-9A99-4749FE08345E}.Debug|x64.Build.0 = Debug|x64
		{3484C8B1-5DF8-4F29-9A99-4749FE08345E}.Debug|x86.ActiveCfg = Debug|Win32
		{3484C8B1-5DF8-4F29-9A99-4749FE08345E}.Debug|x86.Build.0 = Debug|Win32
		{3484C8B1-5DF8-4F29-9A99-4749FE08345E}.Release|Any CPU.ActiveCfg = Release|Win32
		{3484C8B1-5DF8-4F29-9A99-4749FE08345E}.Release|x64.ActiveCfg = Release|x64
		{3484C8B1-5DF8-4F29-9A99-4749FE08345E}.Release|x64.Build.0 = Release|x64
		{3484C8B1-5DF8-4F29-9A99-4749FE08345E}.Release|x86.ActiveCfg = Release|Win32
		{3484C8B1-5DF8-4F29-9A99-4749FE08345E}.Release|x86.Build.0 = Release|Win32
		{3484C8B1-5DF8-4F29-9A99-4749FE08345E}.UnicodeDebug|Any CPU.ActiveCfg = Release|Win32
		{3484C8B1-5DF8-4F29-9A99-4749FE08345E}.UnicodeDebug|Any CPU.Build.0 = Release|Win32
		{3484C8B1-5DF8-4F29-9A99-4749FE08345E}.UnicodeDebug|Any CPU.Deploy.0 = Release|Win32
		{3484C8B1-5DF8-4F29-9A99-4749FE08345E}.UnicodeDebug|x64.ActiveCfg = Debug|x64
		{3484C8B1-5DF8-4F29-9A99-4749FE08345E}.UnicodeDebug|x64.Build.0 = Debug|x64
		{3484C8B1-5DF8-4F29-9A99-4749FE08345E}.UnicodeDebug|x86.ActiveCfg = Debug|Win32
		{3484C8B1-5DF8-4F29-9A99-4749FE08345E}.UnicodeDebug|x86.Build.0 = Debug|Win32
		{3484C8B1-5DF8-4F29-9A99-4749FE08345E}.UnicodeRelease|Any CPU.ActiveCfg = Release|Win32
		{3484C8B1-5DF8-4F29-9A99-4749FE08345E}.UnicodeRelease|Any CPU.Build.0 = Release|Win32
		{3484C8B1-5DF8-4F29-9A99-4749FE08345E}.UnicodeRelease|Any CPU.Deploy.0 = Release|Win32
		{3484C8B1-5DF8-4F29-9A99-4749FE08345E}.UnicodeRelease|x64.ActiveCfg = Release|x64
		{3484C8B1-5DF8-4F29-9A99-4749FE08345E}.UnicodeRelease|x64.Build.0 = Release|x64
		{3484C8B1-5DF8-4F29-9A99-4749FE08345E}.UnicodeRelease|x86.ActiveCfg = Release|Win32
		{3484C8B1-5DF8-4F29-9A99-4749FE08345E}.UnicodeRelease|x86.Build.0 = Release|Win32
		{92B5CD54-B9E0-4FFA-BF4E-BDA25A8F1181}.Debug|Any CPU.ActiveCfg = Debug|Win32
		{92B5CD54-B9E0-4FFA-BF4E-BDA25A8F1181}.Debug|x64.ActiveCfg = Debug|x64
		{92B5CD54-B9E0-4FFA-BF4E-BDA25A8F1181}.Debug|x64.Build.0 = Debug|x64
		{92B5CD54-B9E0-4FFA-BF4E-BDA25A8F1181}.Debug|x86.ActiveCfg = Debug|Win32
		{92B5CD54-B9E0-4FFA-BF4E-BDA25A8F1181}.Debug|x86.Build.0 = Debug|Win32
		{92B5CD54-B9E0-4FFA-BF4E-BDA25A8F1181}.Release|Any CPU.ActiveCfg = Release|Win32
		{92B5CD54-B9E0-4FFA-BF4E-BDA25A8F1181}.Release|x64.ActiveCfg = Release|x64
		{92B5CD54-B9E0-4FFA-BF4E-BDA25A8F1181}.Release|x64.Build.0 = Release|x64
		{92B5CD54-B9E0-4FFA-BF4E-BDA25A8F1181}.Release|x86.ActiveCfg = Release|Win32
		{92B5CD54-B9E0-4FFA-BF4E-BDA25A8F1181}.Release|x86.Build.0 = Release|Win32
		{92B5CD54-B9E0-4FFA-BF4E-BDA25A8F1181}.UnicodeDebug|Any CPU.ActiveCfg = Release|Win32
		{92B5CD54-B9E0-4FFA-BF4E-BDA25A8F1181}.UnicodeDebug|Any CPU.Build.0 = Release|Win32
		{92B5CD54-B9E0-4FFA-BF4E-BDA25A8F1181}.UnicodeDebug|Any CPU.Deploy.0 = Release|Win32
		{92B5CD54-B9E0-4FFA-BF4E-BDA25A8F1181}.UnicodeDebug|x64.ActiveCfg = Debug|x64
		{92B5CD54-B9E0-4FFA-BF4E-BDA25A8F1181}.UnicodeDebug|x64.Build.0 = Debug|x64
		{92B5CD54-B9E0-4FFA-BF4E-BDA25A8F1181}.UnicodeDebug|x86.ActiveCfg = Debug|Win32
		{92B5CD54-B9E0-4FFA-BF4E-BDA25A8F1181}.UnicodeDebug|x86.Build.0 = Debug|Win32
		{92B5CD54-B9E0-4FFA-BF4E-BDA25A8F1181}.UnicodeRelease|Any CPU.ActiveCfg = Release|Win32
		{92B5CD54-B9E0-4FFA-BF4E-BDA25A8F1181}.UnicodeRelease|Any CPU.Build.0 = Release|Win32
		{92B5CD54-B9E0-4FFA-BF4E-BDA25A8F1181}.UnicodeRelease|Any CPU.Deploy.0 = Release|Win32
		{92B5CD54-B9E0-4FFA-BF4E-BDA25A8F1181}.UnicodeRelease|x64.ActiveCfg = Release|x64
		{92B5CD54-B9E0-4FFA-BF4E-BDA25A8F1181}.UnicodeRelease|x64.Build.0 = Release|x64
		{92B5CD54-B9E0-4FFA-BF4E-BDA25A8F1181}.UnicodeRelease|x86.ActiveCfg = Release|Win32
		{92B5CD54-B9E0-4FFA-BF4E-BDA25A8F1181}.UnicodeRelease|x86.Build.0 = Release|Win32
		{50973624-5FCD-433F-8AE5-FA9F5230AB2F}.Debug|Any CPU.ActiveCfg = Debug|Win32
		{50973624-5FCD-433F-8AE5-FA9F5230AB2F}.Debug|x64.ActiveCfg = Debug|x64
		{50973624-5FCD-433F-8AE5-FA9F5230AB2F}.Debug|x64.Build.0 = Debug|x64
		{50973624-5FCD-433F-8AE5-FA9F5230AB2F}.Debug|x86.ActiveCfg = Debug|Win32
		{50973624-5FCD-433F-8AE5-FA9F5230AB2F}.Debug|x86.Build.0 = Debug|Win32
		{50973624-5FCD-433F-8AE5-FA9F5230AB2F}.Release|Any CPU.ActiveCfg = Release|Win32
		{50973624-5FCD-433F-8AE5-FA9F5230AB2F}.Release|x64.ActiveCfg = Release|x64
		{50973624-5FCD-433F-8AE5-FA9F5230AB2F}.Release|x64.Build.0 = Release|x64
		{50973624-5FCD-433F-8AE5-FA9F5230AB2F}.Release|x86.ActiveCfg = Release|Win32
		{50973624-5FCD-433F-8AE5-FA9F5230AB2F}.Release|x86.Build.0 = Release|Win32
		{50973624-5FCD-433F-8AE5-FA9F5230AB2F}.UnicodeDebug|Any CPU.ActiveCfg = Release|Win32
		{50973624-5FCD-433F-8AE5-FA9F5230AB2F}.UnicodeDebug|Any CPU.Build.0 = Release|Win32
		{50973624-5FCD-433F-8AE5-FA9F5230AB2F}.UnicodeDebug|Any CPU.Deploy.0 = Release|Win32
		{50973624-5FCD-433F-8AE5-FA9F5230AB2F}.UnicodeDebug|x64.ActiveCfg = Debug|x64
		{50973624-5FCD-433F-8AE5-FA9F5230AB2F}.UnicodeDebug|x64.Build.0 = Debug|x64
		{50973624-5FCD-433F-8AE5-FA9F5230AB2F}.UnicodeDebug|x86.ActiveCfg = Debug|Win32
		{50973624-5FCD-433F-8AE5-FA9F5230AB2F}.UnicodeDebug|x86.Build.0 = Debug|Win32
		{50973624-5FCD-433F-8AE5-FA9F5230AB2F}.UnicodeRelease|Any CPU.ActiveCfg = Release|Win32
		{50973624-5FCD-433F-8AE5-FA9F5230AB2F}.UnicodeRelease|Any CPU.Build.0 = Release|Win32
		{50973624-5FCD-433F-8AE5-FA9F5230AB2F}.UnicodeRelease|Any CPU.Deploy.0 = Release|Win32
		{50973624-5FCD-433F-8AE5-FA9F5230AB2F}.UnicodeRelease|x64.ActiveCfg = Release|x64
		{50973624-5FCD-433F-8AE5-FA9F5230AB2F}.UnicodeRelease|x64.Build.0 = Release|x64
		{50973624-5FCD-433F-8AE5-FA9F5230AB2F}.UnicodeRelease|x86.ActiveCfg = Release|Win32
		{50973624-5FCD-433F-8AE5-FA9F5230AB2F}.UnicodeRelease|x86.Build.0 = Release|Win32
		{F532E008-F47B-48C1-9F6C-26845F784145}.Debug|Any CPU.ActiveCfg = Debug|Win32
		{F532E008-F47B-48C1-9F6C-26845F784145}.Debug|x64.ActiveCfg = Debug|x64
		{F532E008-F47B-48C1-9F6C-26845F784145}.Debug|x64.Build.0 = Debug|x64
		{F532E008-F47B-48C1-9F6C-26845F784145}.Debug|x86.ActiveCfg = Debug|Win32
		{F532E008-F47B-48C1-9F6C-26845F784145}.Debug|x86.Build.0 = Debug|Win32
		{F532E008-F47B-48C1-9F6C-26845F784145}.Release|Any CPU.ActiveCfg = Release|Win32
		{F532E008-F47B-48C1-9F6C-26845F784145}.Release|x64.ActiveCfg = Release|x64
		{F532E008-F47B-48C1-9F6C-26845F784145}.Release|x64.Build.0 = Release|x64
		{F532E008-F47B-48C1-9F6C-26845F784145}.Release|x86.ActiveCfg = Release|Win32
		{F532E008-F47B-48C1-9F6C-26845F784145}.Release|x86.Build.0 = Release|Win32
		{F532E008-F47B-48C1-9F6C-26845F784145}.UnicodeDebug|Any CPU.ActiveCfg = Release|Win32
		{F532E008-F47B-48C1-9F6C-26845F784145}.UnicodeDebug|Any CPU.Build.0 = Release|Win32
		{F532E008-F47B-48C1-9F6C-26845F784145}.UnicodeDebug|x64.ActiveCfg = Debug|x64
		{F532E008-F47B-48C1-9F6C-26845F784145}.UnicodeDebug|x64.Build.0 = Debug|x64
		{F532E008-F47B-48C1-9F6C-26845F784145}.UnicodeDebug|x86.ActiveCfg = Debug|Win32
		{F532E008-F47B-48C1-9F6C-26845F784145}.UnicodeDebug|x86.Build.0 = Debug|Win32
		{F532E008-F47B-48C1-9F6C-26845F784145}.UnicodeRelease|Any CPU.ActiveCfg = Release|Win32
		{F532E008-F47B-48C1-9F6C-26845F784145}.UnicodeRelease|Any CPU.Build.0 = Release|Win32
		{F532E008-F47B-48C1-9F6C-26845F784145}.UnicodeRelease|x64.ActiveCfg = Release|x64
		{F532E008-F47B-48C1-9F6C-26845F784145}.UnicodeRelease|x64.Build.0 = Release|x64
		{F532E008-F47B-48C1-9F6C-26845F784145}.UnicodeRelease|x86.ActiveCfg = Release|Win32
		{F532E008-F47B-48C1-9F6C-26845F784145}.UnicodeRelease|x86.Build.0 = Release|Win32
		{ADCCA255-8163-4939-9DE7-F5CBC4F801D1}.Debug|Any CPU.ActiveCfg = Debug|Win32
		{ADCCA255-8163-4939-9DE7-F5CBC4F801D1}.Debug|x64.ActiveCfg = Debug|x64
		{ADCCA255-8163-4939-9DE7-F5CBC4F801D1}.Debug|x64.Build.0 = Debug|x64
		{ADCCA255-8163-4939-9DE7-F5CBC4F801D1}.Debug|x86.ActiveCfg = Debug|Win32
		{ADCCA255-8163-4939-9DE7-F5CBC4F801D1}.Debug|x86.Build.0 = Debug|Win32
		{ADCCA255-8163-4939-9DE7-F5CBC4F801D1}.Release|Any CPU.ActiveCfg = Release|Win32
		{ADCCA255-8163-4939-9DE7-F5CBC4F801D1}.Release|x64.ActiveCfg = Release|x64
		{ADCCA255-8163-4939-9DE7-F5CBC4F801D1}.Release|x64.Build.0 = Release|x64
		{ADCCA255-8163-4939-9DE7-F5CBC4F801D1}.Release|x86.ActiveCfg = Release|Win32
		{ADCCA255-8163-4939-9DE7-F5CBC4F801D1}.Release|x86.Build.0 = Release|Win32
		{ADCCA255-8163-4939-9DE7-F5CBC4F801D1}.UnicodeDebug|Any CPU.ActiveCfg = Release|Win32
		{ADCCA255-8163-4939-9DE7-F5CBC4F801D1}.UnicodeDebug|Any CPU.Build.0 = Release|Win32
		{ADCCA255-8163-4939-9DE7-F5CBC4F801D1}.UnicodeDebug|Any CPU.Deploy.0 = Release|Win32
		{ADCCA255-8163-4939-9DE7-F5CBC4F801D1}.UnicodeDebug|x64.ActiveCfg = Debug|x64
		{ADCCA255-8163-4939-9DE7-F5CBC4F801D1}.UnicodeDebug|x64.Build.0 = Debug|x64
		{ADCCA255-8163-4939-9DE7-F5CBC4F801D1}.UnicodeDebug|x86.ActiveCfg = Debug|Win32
		{ADCCA255-8163-4939-9DE7-F5CBC4F801D1}.UnicodeDebug|x86.Build.0 = Debug|Win32
		{ADCCA255-8163-4939-9DE7-F5CBC4F801D1}.UnicodeRelease|Any CPU.ActiveCfg = Release|Win32
		{ADCCA255-8163-4939-9DE7-F5CBC4F801D1}.UnicodeRelease|Any CPU.Build.0 = Release|Win32
		{ADCCA255-8163-4939-9DE7-F5CBC4F801D1}.UnicodeRelease|Any CPU.Deploy.0 = Release|Win32
		{ADCCA255-8163-4939-9DE7-F5CBC4F801D1}.UnicodeRelease|x64.ActiveCfg = Release|x64
		{ADCCA255-8163-4939-9DE7-F5CBC4F801D1}.UnicodeRelease|x64.Build.0 = Release|x64
		{ADCCA255-8163-4939-9DE7-F5CBC4F801D1}.UnicodeRelease|x86.ActiveCfg = Release|Win32
		{ADCCA255-8163-4939-9DE7-F5CBC4F801D1}.UnicodeRelease|x86.Build.0 = Release|Win32
		{0E85CB25-097A-42CE-BC0E-1512BB6AA07A}.Debug|Any CPU.ActiveCfg = Debug|Win32
		{0E85CB25-097A-42CE-BC0E-1512BB6AA07A}.Debug|x64.ActiveCfg = Debug|x64
		{0E85CB25-097A-42CE-BC0E-1512BB6AA07A}.Debug|x64.Build.0 = Debug|x64
		{0E85CB25-097A-42CE-BC0E-1512BB6AA07A}.Debug|x86.ActiveCfg = Debug|Win32
		{0E85CB25-097A-42CE-BC0E-1512BB6AA07A}.Debug|x86.Build.0 = Debug|Win32
		{0E85CB25-097A-42CE-BC0E-1512BB6AA07A}.Release|Any CPU.ActiveCfg = Release|Win32
		{0E85CB25-097A-42CE-BC0E-1512BB6AA07A}.Release|x64.ActiveCfg = Release|x64
		{0E85CB25-097A-42CE-BC0E-1512BB6AA07A}.Release|x64.Build.0 = Release|x64
		{0E85CB25-097A-42CE-BC0E-1512BB6AA07A}.Release|x86.ActiveCfg = Release|Win32
		{0E85CB25-097A-42CE-BC0E-1512BB6AA07A}.Release|x86.Build.0 = Release|Win32
		{0E85CB25-097A-42CE-BC0E-1512BB6AA07A}.UnicodeDebug|Any CPU.ActiveCfg = Release|Win32
		{0E85CB25-097A-42CE-BC0E-1512BB6AA07A}.UnicodeDebug|Any CPU.Build.0 = Release|Win32
		{0E85CB25-097A-42CE-BC0E-1512BB6AA07A}.UnicodeDebug|Any CPU.Deploy.0 = Release|Win32
		{0E85CB25-097A-42CE-BC0E-1512BB6AA07A}.UnicodeDebug|x64.ActiveCfg = Debug|x64
		{0E85CB25-097A-42CE-BC0E-1512BB6AA07A}.UnicodeDebug|x64.Build.0 = Debug|x64
		{0E85CB25-097A-42CE-BC0E-1512BB6AA07A}.UnicodeDebug|x86.ActiveCfg = Debug|Win32
		{0E85CB25-097A-42CE-BC0E-1512BB6AA07A}.UnicodeDebug|x86.Build.0 = Debug|Win32
		{0E85CB25-097A-42CE-BC0E-1512BB6AA07A}.UnicodeRelease|Any CPU.ActiveCfg = Release|Win32
		{0E85CB25-097A-42CE-BC0E-1512BB6AA07A}.UnicodeRelease|Any CPU.Build.0 = Release|Win32
		{0E85CB25-097A-42CE-BC0E-1512BB6AA07A}.UnicodeRelease|Any CPU.Deploy.0 = Release|Win32
		{0E85CB25-097A-42CE-BC0E-1512BB6AA07A}.UnicodeRelease|x64.ActiveCfg = Release|x64
		{0E85CB25-097A-42CE-BC0E-1512BB6AA07A}.UnicodeRelease|x64.Build.0 = Release|x64
		{0E85CB25-097A-42CE-BC0E-1512BB6AA07A}.UnicodeRelease|x86.ActiveCfg = Release|Win32
		{0E85CB25-097A-42CE-BC0E-1512BB6AA07A}.UnicodeRelease|x86.Build.0 = Release|Win32
		{BBB70DB2-5F1F-45CE-BF6E-8D944D7FF327}.Debug|Any CPU.ActiveCfg = Debug|Win32
		{BBB70DB2-5F1F-45CE-BF6E-8D944D7FF327}.Debug|x64.ActiveCfg = Debug|x64
		{BBB70DB2-5F1F-45CE-BF6E-8D944D7FF327}.Debug|x64.Build.0 = Debug|x64
		{BBB70DB2-5F1F-45CE-BF6E-8D944D7FF327}.Debug|x86.ActiveCfg = Debug|Win32
		{BBB70DB2-5F1F-45CE-BF6E-8D944D7FF327}.Debug|x86.Build.0 = Debug|Win32
		{BBB70DB2-5F1F-45CE-BF6E-8D944D7FF327}.Release|Any CPU.ActiveCfg = Release|Win32
		{BBB70DB2-5F1F-45CE-BF6E-8D944D7FF327}.Release|x64.ActiveCfg = Release|x64
		{BBB70DB2-5F1F-45CE-BF6E-8D944D7FF327}.Release|x64.Build.0 = Release|x64
		{BBB70DB2-5F1F-45CE-BF6E-8D944D7FF327}.Release|x86.ActiveCfg = Release|Win32
		{BBB70DB2-5F1F-45CE-BF6E-8D944D7FF327}.Release|x86.Build.0 = Release|Win32
		{BBB70DB2-5F1F-45CE-BF6E-8D944D7FF327}.UnicodeDebug|Any CPU.ActiveCfg = Release|Win32
		{BBB70DB2-5F1F-45CE-BF6E-8D944D7FF327}.UnicodeDebug|Any CPU.Build.0 = Release|Win32
		{BBB70DB2-5F1F-45CE-BF6E-8D944D7FF327}.UnicodeDebug|Any CPU.Deploy.0 = Release|Win32
		{BBB70DB2-5F1F-45CE-BF6E-8D944D7FF327}.UnicodeDebug|x64.ActiveCfg = Debug|x64
		{BBB70DB2-5F1F-45CE-BF6E-8D944D7FF327}.UnicodeDebug|x64.Build.0 = Debug|x64
		{BBB70DB2-5F1F-45CE-BF6E-8D944D7FF327}.UnicodeDebug|x86.ActiveCfg = Debug|Win32
		{BBB70DB2-5F1F-45CE-BF6E-8D944D7FF327}.UnicodeDebug|x86.Build.0 = Debug|Win32
		{BBB70DB2-5F1F-45CE-BF6E-8D944D7FF327}.UnicodeRelease|Any CPU.ActiveCfg = Release|Win32
		{BBB70DB2-5F1F-45CE-BF6E-8D944D7FF327}.UnicodeRelease|Any CPU.Build.0 = Release|Win32
		{BBB70DB2-5F1F-45CE-BF6E-8D944D7FF327}.UnicodeRelease|Any CPU.Deploy.0 = Release|Win32
		{BBB70DB2-5F1F-45CE-BF6E-8D944D7FF327}.UnicodeRelease|x64.ActiveCfg = Release|x64
		{BBB70DB2-5F1F-45CE-BF6E-8D944D7FF327}.UnicodeRelease|x64.Build.0 = Release|x64
		{BBB70DB2-5F1F-45CE-BF6E-8D944D7FF327}.UnicodeRelease|x86.ActiveCfg = Release|Win32
		{BBB70DB2-5F1F-45CE-BF6E-8D944D7FF327}.UnicodeRelease|x86.Build.0 = Release|Win32
		{6EF928FF-7E24-4F6A-A745-CD29F3D5C544}.Debug|Any CPU.ActiveCfg = Debug|Any CPU
		{6EF928FF-7E24-4F6A-A745-CD29F3D5C544}.Debug|x64.ActiveCfg = Debug|Any CPU
		{6EF928FF-7E24-4F6A-A745-CD29F3D5C544}.Debug|x86.ActiveCfg = Debug|Any CPU
		{6EF928FF-7E24-4F6A-A745-CD29F3D5C544}.Release|Any CPU.ActiveCfg = Release|Any CPU
		{6EF928FF-7E24-4F6A-A745-CD29F3D5C544}.Release|x64.ActiveCfg = Release|Any CPU
		{6EF928FF-7E24-4F6A-A745-CD29F3D5C544}.Release|x86.ActiveCfg = Release|Any CPU
		{6EF928FF-7E24-4F6A-A745-CD29F3D5C544}.UnicodeDebug|Any CPU.ActiveCfg = Debug|Any CPU
		{6EF928FF-7E24-4F6A-A745-CD29F3D5C544}.UnicodeDebug|x64.ActiveCfg = Debug|Any CPU
		{6EF928FF-7E24-4F6A-A745-CD29F3D5C544}.UnicodeDebug|x86.ActiveCfg = Debug|Any CPU
		{6EF928FF-7E24-4F6A-A745-CD29F3D5C544}.UnicodeRelease|Any CPU.ActiveCfg = Release|Any CPU
		{6EF928FF-7E24-4F6A-A745-CD29F3D5C544}.UnicodeRelease|x64.ActiveCfg = Release|Any CPU
		{6EF928FF-7E24-4F6A-A745-CD29F3D5C544}.UnicodeRelease|x86.ActiveCfg = Release|Any CPU
	EndGlobalSection
	GlobalSection(SolutionProperties) = preSolution
		HideSolutionNode = FALSE
	EndGlobalSection
	GlobalSection(ExtensibilityGlobals) = postSolution
		SolutionGuid = {E93F331A-6B54-46C4-AFAF-BD6FB590CCD4}
	EndGlobalSection
EndGlobal
